// !$*UTF8*$!
{
	archiveVersion = 1;
	classes = {
	};
	objectVersion = 77;
	objects = {

/* Begin PBXBuildFile section */
		02B3FED6BF055B06ECB9AF4F /* SectionCard.swift in Sources */ = {isa = PBXBuildFile; fileRef = AC4227D9FDB7E74AE5C17B76 /* SectionCard.swift */; };
		045984892C60332D4EAE942F /* RecentSessionCardView.swift in Sources */ = {isa = PBXBuildFile; fileRef = 3EC9BDCC00F2827E83144A7B /* RecentSessionCardView.swift */; };
		097E34830D133363D5F6C75F /* SettingsView.swift in Sources */ = {isa = PBXBuildFile; fileRef = F98DCD1D26C18DE53690504C /* SettingsView.swift */; };
		0A770D150F16DC17140A1709 /* ExportService.swift in Sources */ = {isa = PBXBuildFile; fileRef = 2CBAC0E2607418A9A0235252 /* ExportService.swift */; };
		0B2C07D83D36FE2E4B1AD587 /* StatisticsView.swift in Sources */ = {isa = PBXBuildFile; fileRef = 98246466BEF6EF3EB3AAEF9F /* StatisticsView.swift */; };
		0DC7053ACB20CFFE00F747FC /* ExerciseDetailView.swift in Sources */ = {isa = PBXBuildFile; fileRef = DF5891626DA8281849A9A13A /* ExerciseDetailView.swift */; };
		0F730B4E4A313CAB6D516FC3 /* UIApplication+TopViewController.swift in Sources */ = {isa = PBXBuildFile; fileRef = 2A85E690A842B89E9E1AD125 /* UIApplication+TopViewController.swift */; };
		0F99FE24BFC9E764AE52EC93 /* SessionDetailView.swift in Sources */ = {isa = PBXBuildFile; fileRef = 5087D29DC2CA5FC77E89F037 /* SessionDetailView.swift */; };
		124093DDE19FCE575CCF4C1F /* KintoreWidget.appex in Embed Foundation Extensions */ = {isa = PBXBuildFile; fileRef = 71A847069C4DCEAD4F444A04 /* KintoreWidget.appex */; settings = {ATTRIBUTES = (RemoveHeadersOnCopy, ); }; };
		125453CEAD1011C885D3FE52 /* WorkoutCompleteSummaryView.swift in Sources */ = {isa = PBXBuildFile; fileRef = A3A1E3CEA65A202BBD26AE67 /* WorkoutCompleteSummaryView.swift */; };
		1307103C1DF259DDB88724E0 /* ExerciseListView.swift in Sources */ = {isa = PBXBuildFile; fileRef = 87B211C596837FC19C846B7C /* ExerciseListView.swift */; };
		130B3EFA564D42E0E33A9E36 /* MemoTagIdsHelper.swift in Sources */ = {isa = PBXBuildFile; fileRef = A22DE1CABB5B30462CC303F4 /* MemoTagIdsHelper.swift */; };
		13CE6560A7DCD35EFC9B3AEE /* KintoreApp.swift in Sources */ = {isa = PBXBuildFile; fileRef = D0DA06C220EB1271D5C05E08 /* KintoreApp.swift */; };
		175C3EF57B907F67F6B849E1 /* WeeklyGoalEditorSheet.swift in Sources */ = {isa = PBXBuildFile; fileRef = 9CC63C1EA0C36DCCC2C5C4B2 /* WeeklyGoalEditorSheet.swift */; };
		1959FCC8B24E43F5E83A3C2C /* ModernChartStyle.swift in Sources */ = {isa = PBXBuildFile; fileRef = 14ECA5CA4D4B883783A36893 /* ModernChartStyle.swift */; };
		1972E26BB8AAAD4651425354 /* InfoPlist.strings in Resources */ = {isa = PBXBuildFile; fileRef = FCA2CF4AD1BC294D8BDD937E /* InfoPlist.strings */; };
		19970BC733AE8CC53685B049 /* PreviousRecordService.swift in Sources */ = {isa = PBXBuildFile; fileRef = C7AD0CA3E9BD36A23D1ACBCC /* PreviousRecordService.swift */; };
		1B06EFC9267B26069679C0E8 /* HistoryListViewModel.swift in Sources */ = {isa = PBXBuildFile; fileRef = F8BD82E17C6561C674EA4DBF /* HistoryListViewModel.swift */; };
		1B468EABD73204B218BC454E /* MemoNumericKeyboardPad.swift in Sources */ = {isa = PBXBuildFile; fileRef = 7CEF2F0492B66BD65F547F7A /* MemoNumericKeyboardPad.swift */; };
		1C9D64D0E338C2C49D855712 /* WorkoutTemplate.swift in Sources */ = {isa = PBXBuildFile; fileRef = AF38B1FA48D4CBFC8CC98088 /* WorkoutTemplate.swift */; };
		1DC28122C960F4F298E59D10 /* AppRootView.swift in Sources */ = {isa = PBXBuildFile; fileRef = C1CF41914E8549B8C169EB07 /* AppRootView.swift */; };
		1DEC85C4E559CB907AD60CD1 /* Localizable.xcstrings in Resources */ = {isa = PBXBuildFile; fileRef = 8749FB98F45C94A355B4D07D /* Localizable.xcstrings */; };
		1EE3063166E4189B1C3ED510 /* ShareCardComposer.swift in Sources */ = {isa = PBXBuildFile; fileRef = 0C9C420AF56B2B58EEB8A339 /* ShareCardComposer.swift */; };
		20304A5C4D181A967AFA73AF /* ExerciseDetailViewModel.swift in Sources */ = {isa = PBXBuildFile; fileRef = 330567EBA69F295C1C35A9D2 /* ExerciseDetailViewModel.swift */; };
		217EF435AB5592E508B22E83 /* WorkoutExerciseEditorBlock.swift in Sources */ = {isa = PBXBuildFile; fileRef = 13C217405A5D5B1ACB5C4693 /* WorkoutExerciseEditorBlock.swift */; };
		2999AAD0978D3D1C2A59CBA0 /* WorkoutFinishInterstitialPresenter.swift in Sources */ = {isa = PBXBuildFile; fileRef = B4F60D2465E6B60C0DBD91A4 /* WorkoutFinishInterstitialPresenter.swift */; };
		2AA6419BA1F42DBAC847B9AE /* SecondaryActionButton.swift in Sources */ = {isa = PBXBuildFile; fileRef = B3F4DFA7FA3AFAFE81906D7C /* SecondaryActionButton.swift */; };
		309BE58365A3DEDA4DD09025 /* WorkoutExercise.swift in Sources */ = {isa = PBXBuildFile; fileRef = 5874F728C1C294FB5A42888A /* WorkoutExercise.swift */; };
		34FB1759A9BF67809854BE2C /* BodyPartGrowthViewModel.swift in Sources */ = {isa = PBXBuildFile; fileRef = 1DDCE84698C5DEA5BCADBC50 /* BodyPartGrowthViewModel.swift */; };
		354D3B87FD2DE1EBCDD1AF63 /* AppStoreScreenshotDemoData.swift in Sources */ = {isa = PBXBuildFile; fileRef = 05E5EDEB0C117479C5904B5B /* AppStoreScreenshotDemoData.swift */; };
		379EB7F935CEEA6AAC98B442 /* RepLogWidgetBundle.swift in Sources */ = {isa = PBXBuildFile; fileRef = A041F1500688DE21BD23348B /* RepLogWidgetBundle.swift */; };
		381AE3FAA04CCDA5069E54E9 /* KintoreWatchApp.swift in Sources */ = {isa = PBXBuildFile; fileRef = 892A4A2939EBE5241C407C20 /* KintoreWatchApp.swift */; };
		38ED7F8C4FCFD0D030247BF9 /* DefaultExercisesSeed.swift in Sources */ = {isa = PBXBuildFile; fileRef = BEB59FDABA200461B72D804E /* DefaultExercisesSeed.swift */; };
		394FFFE5D35FD4B6B8A1ACF0 /* WatchBrandColors.swift in Sources */ = {isa = PBXBuildFile; fileRef = AAABD4798D09DB9AEBA51DBA /* WatchBrandColors.swift */; };
		3B05AF2AAE0C99EC985BF77C /* ChartAnnotationBubble.swift in Sources */ = {isa = PBXBuildFile; fileRef = 503EC853F81C042A5C68F1B9 /* ChartAnnotationBubble.swift */; };
		3C0D2C413C7C2028F0BD60DC /* RetentionNotificationService.swift in Sources */ = {isa = PBXBuildFile; fileRef = 93E466BDD619D1337AF847F4 /* RetentionNotificationService.swift */; };
		4182ACCB465D1194D42AAA83 /* HomeMemoDashboardComponents.swift in Sources */ = {isa = PBXBuildFile; fileRef = D7E43DEBBDD8F13DF0BA32B8 /* HomeMemoDashboardComponents.swift */; };
		4243445D89DD28880FFC9092 /* VolumeCalculator.swift in Sources */ = {isa = PBXBuildFile; fileRef = 842A8398E08D11C300124A28 /* VolumeCalculator.swift */; };
		43ABDDD10C9DD6A9A8954DE8 /* ModelContainerFactory.swift in Sources */ = {isa = PBXBuildFile; fileRef = DA6BF0E4025FE6AEFECF44D0 /* ModelContainerFactory.swift */; };
		4402E5C7E22C0BB8D8B0F916 /* BodyMeasurementRepository.swift in Sources */ = {isa = PBXBuildFile; fileRef = EFC5AE9CA6C6E53C4CEE2160 /* BodyMeasurementRepository.swift */; };
		46049639638D82D9B61F28E1 /* DefaultMemoTagsSeed.swift in Sources */ = {isa = PBXBuildFile; fileRef = B362F2BF42DF86734AB9F179 /* DefaultMemoTagsSeed.swift */; };
		462A918BC6FFBB99D6AD35F7 /* CalendarReviewService.swift in Sources */ = {isa = PBXBuildFile; fileRef = 71A61696D994691BCE264421 /* CalendarReviewService.swift */; };
		4739E533BE25312829536C1F /* TreadmillCardioExercisesSeed.swift in Sources */ = {isa = PBXBuildFile; fileRef = FD8162E3F39AC8F73405ACE1 /* TreadmillCardioExercisesSeed.swift */; };
		4A1CBE9D71E229780C91FA5F /* UserPreference.swift in Sources */ = {isa = PBXBuildFile; fileRef = 7ACF785DC5CE47918FA8F899 /* UserPreference.swift */; };
		4A48EDED26ECDEC3FC87B5F8 /* SessionSummaryHeaderView.swift in Sources */ = {isa = PBXBuildFile; fileRef = 6740825FB5144FDECC2BA125 /* SessionSummaryHeaderView.swift */; };
		4E305966709D08A6492B59C9 /* RoutineListView.swift in Sources */ = {isa = PBXBuildFile; fileRef = EDE8546D4CF4E25681913F1E /* RoutineListView.swift */; };
		523E7DD107001D4DBE25E2A4 /* SectionHeaderView.swift in Sources */ = {isa = PBXBuildFile; fileRef = 1778EBC47AF521C3FA9411C5 /* SectionHeaderView.swift */; };
		546DC4D91C2A9EA264E89833 /* PrimaryButton.swift in Sources */ = {isa = PBXBuildFile; fileRef = 73F0E3EEFEE8E279642BD7C8 /* PrimaryButton.swift */; };
		57A06FFC42872329FBDDFF39 /* ShareSheet.swift in Sources */ = {isa = PBXBuildFile; fileRef = 88500AD3F3B624A8E316A08F /* ShareSheet.swift */; };
		5BA53EB08D7BE1867B4AC81D /* WorkoutRecordViewModel.swift in Sources */ = {isa = PBXBuildFile; fileRef = 0907ADD9B3F85F2CFF0EEE62 /* WorkoutRecordViewModel.swift */; };
		5BAA1462AEFAF3FE447D8F0B /* TemplateRepository.swift in Sources */ = {isa = PBXBuildFile; fileRef = 121A59238B58D4753BFD8421 /* TemplateRepository.swift */; };
		5D9FBE194A24136BF910CF9F /* MemoTag.swift in Sources */ = {isa = PBXBuildFile; fileRef = 943BF7BA15CAD301E72781F6 /* MemoTag.swift */; };
		5DEFE3EB393279B9F948E60D /* ExerciseTrendPeriod.swift in Sources */ = {isa = PBXBuildFile; fileRef = B3D7A683BE6EC0743D994337 /* ExerciseTrendPeriod.swift */; };
		613DE7257F63FEE1BD6DAF5D /* AdMobConfiguration.swift in Sources */ = {isa = PBXBuildFile; fileRef = 7A6C6106CE1B9406820BF8DE /* AdMobConfiguration.swift */; };
		63F9757B446482656157F47C /* GoogleMobileAds in Frameworks */ = {isa = PBXBuildFile; productRef = 5C7DCD85C805CF2D001E41C1 /* GoogleMobileAds */; };
		682E26578A1831BC683B2C32 /* PremiumService.swift in Sources */ = {isa = PBXBuildFile; fileRef = 46AF7F328EB852A4AB17CB3E /* PremiumService.swift */; };
		68B6EC0F3F61A4A33518F57D /* ShareCardImageRenderer.swift in Sources */ = {isa = PBXBuildFile; fileRef = B3C47BA6339E744D0919816A /* ShareCardImageRenderer.swift */; };
		6A870BD6C7BC6C1DC2929C16 /* GrowthDashboardView.swift in Sources */ = {isa = PBXBuildFile; fileRef = CF85D56A41D68650A9741D43 /* GrowthDashboardView.swift */; };
		6CA905B97984865939E8CDCC /* WorkoutStartViewModel.swift in Sources */ = {isa = PBXBuildFile; fileRef = 59CB5043B95E7B293A247C94 /* WorkoutStartViewModel.swift */; };
		759EA1D594A0E00D4EAD9CC3 /* SettingsRepository.swift in Sources */ = {isa = PBXBuildFile; fileRef = 0212C578F0725F34070FDE9A /* SettingsRepository.swift */; };
		773C34FC9599ED33EC8423D2 /* RepLogWidget.swift in Sources */ = {isa = PBXBuildFile; fileRef = BFB18BF463CFD9E438F7821C /* RepLogWidget.swift */; };
		7833A22B97C5C008EC40D6B0 /* WatchRestTimerView.swift in Sources */ = {isa = PBXBuildFile; fileRef = 3F4A084448E41D599EF11BB9 /* WatchRestTimerView.swift */; };
		78858A9D41F666FC0CC03DC0 /* SessionReviewContentView.swift in Sources */ = {isa = PBXBuildFile; fileRef = BF0790705B2CFEC2AB373691 /* SessionReviewContentView.swift */; };
		7ABB04E1806648887A21BFC4 /* ExerciseRepository.swift in Sources */ = {isa = PBXBuildFile; fileRef = 9BEC7757C082FFFDAA449BAC /* ExerciseRepository.swift */; };
		7B5800B3E4C91F41DA058ED8 /* StatisticsViewModel.swift in Sources */ = {isa = PBXBuildFile; fileRef = 6C86AC87A8652060394B65C2 /* StatisticsViewModel.swift */; };
		7D5801E07A4524BA93B21430 /* WorkoutSession.swift in Sources */ = {isa = PBXBuildFile; fileRef = 2EBC7F0E12BA1B013218CFED /* WorkoutSession.swift */; };
		7DF9690CAD31D92DB35B6C5B /* ContentView.swift in Sources */ = {isa = PBXBuildFile; fileRef = 3CBB9C74F575B1EA3E8D7987 /* ContentView.swift */; };
		804BB706A3B72CFEF89F94CC /* WorkoutTemplateItem.swift in Sources */ = {isa = PBXBuildFile; fileRef = C61BFBD0925F14AA075B3AD4 /* WorkoutTemplateItem.swift */; };
		808231E8ACA34BC418E1E2A3 /* WorkoutRecordView.swift in Sources */ = {isa = PBXBuildFile; fileRef = B53C53AE48A20FD4D65F1AE2 /* WorkoutRecordView.swift */; };
		8364B7EA2451012325287677 /* SessionDetailViewModel.swift in Sources */ = {isa = PBXBuildFile; fileRef = 1814877BAFE0E8030979FA1E /* SessionDetailViewModel.swift */; };
		881F1BFA5B1B1CE107A41D91 /* AppFormatters.swift in Sources */ = {isa = PBXBuildFile; fileRef = E86512A48C83749D4625005B /* AppFormatters.swift */; };
		8830E16E32C631DE25ABB8AE /* AnalyticsEventService.swift in Sources */ = {isa = PBXBuildFile; fileRef = B5AB17518993767D622BF58C /* AnalyticsEventService.swift */; };
		8D9F1F0019885EFF6521D3C5 /* GrowthSharePreviewSheet.swift in Sources */ = {isa = PBXBuildFile; fileRef = BCB3BD0F3ED2F4AA89A11619 /* GrowthSharePreviewSheet.swift */; };
		8E6C651340082B93144F76B8 /* WorkoutExerciseDraft.swift in Sources */ = {isa = PBXBuildFile; fileRef = 66594E55BD6EDEBB7F46F812 /* WorkoutExerciseDraft.swift */; };
		91890C386B3BB9BEF08239A8 /* PersonalRecordService.swift in Sources */ = {isa = PBXBuildFile; fileRef = 45E722E02BE39787F5C84266 /* PersonalRecordService.swift */; };
		92026E1C064A3F60A8CEF4F8 /* HistoryListView.swift in Sources */ = {isa = PBXBuildFile; fileRef = 620CEDCDECFF00BB7F9A0D7F /* HistoryListView.swift */; };
		92BBE13C0FFF7D203EC77F4D /* ExerciseSearch.swift in Sources */ = {isa = PBXBuildFile; fileRef = AB45E2F69CB6FF8FA48B9124 /* ExerciseSearch.swift */; };
		92F867570955D2EA5892C6A8 /* CalendarView.swift in Sources */ = {isa = PBXBuildFile; fileRef = B7EEA0D6466672EDE69767DD /* CalendarView.swift */; };
		9387C1A2AB183C2CF99A3634 /* PlateCalculatorView.swift in Sources */ = {isa = PBXBuildFile; fileRef = 0A16E5DFF615D6067FD14AFB /* PlateCalculatorView.swift */; };
		93ADA68DC9D4FD7D4781FA37 /* WorkoutRepository.swift in Sources */ = {isa = PBXBuildFile; fileRef = F167D5DA45031E59E70A4778 /* WorkoutRepository.swift */; };
		9470241AE776AC3486C22628 /* WatchContentView.swift in Sources */ = {isa = PBXBuildFile; fileRef = 3FA5F34C12B57B3647CF16ED /* WatchContentView.swift */; };
		963FFC885DE3E514248179F4 /* RoutineEditView.swift in Sources */ = {isa = PBXBuildFile; fileRef = 378CD7C4F48433C188C0E88A /* RoutineEditView.swift */; };
		965975D63A47632BD5AC4040 /* CreateExerciseView.swift in Sources */ = {isa = PBXBuildFile; fileRef = EC8564699493FCF3379609AE /* CreateExerciseView.swift */; };
		96B7B8086BB000BFB6074A8C /* test.txt in Resources */ = {isa = PBXBuildFile; fileRef = 4BC8B3370C75F6BAA64421B4 /* test.txt */; };
		96C4F15A12A2FF8D6B976C44 /* Assets.xcassets in Resources */ = {isa = PBXBuildFile; fileRef = 505BF6BD74EDDA375C4F0D07 /* Assets.xcassets */; };
		99A11D11A261EB08D26DBB74 /* WorkoutStatsService.swift in Sources */ = {isa = PBXBuildFile; fileRef = AA4D15C19460D375007DA693 /* WorkoutStatsService.swift */; };
		9CCF5B33AC7EFA5EB4D018F6 /* WatchSettingsHelper.swift in Sources */ = {isa = PBXBuildFile; fileRef = BAB54DCB495BA06FDB8E4346 /* WatchSettingsHelper.swift */; };
		9E9A7280332937FE68230431 /* ExercisePickerView.swift in Sources */ = {isa = PBXBuildFile; fileRef = B4399CD8E4BE3DA32FF3A842 /* ExercisePickerView.swift */; };
		A1648D5890A366FA61B4B66A /* HapticHelper.swift in Sources */ = {isa = PBXBuildFile; fileRef = 177F70CAC9CA5CA6EBAE5B13 /* HapticHelper.swift */; };
		A3D49B2FEA5B814B0D66BEC9 /* HomeViewModel.swift in Sources */ = {isa = PBXBuildFile; fileRef = D46507B37EDE43E6727B7CA7 /* HomeViewModel.swift */; };
		A4CBF7FC5DED6270197F2482 /* BodyPartExerciseListView.swift in Sources */ = {isa = PBXBuildFile; fileRef = 2A1FA10F47493CE56AFE1EEA /* BodyPartExerciseListView.swift */; };
		A500E09D89FD74BDB183646E /* HomeView.swift in Sources */ = {isa = PBXBuildFile; fileRef = CF1C41A7D87C7834580B0B89 /* HomeView.swift */; };
		A5EEFB6508C5462AC1B2B695 /* HealthKitWorkoutService.swift in Sources */ = {isa = PBXBuildFile; fileRef = 78293975FA65747DC582F05A /* HealthKitWorkoutService.swift */; };
		A651BAE67E5A6C48E314EF59 /* SetRowView.swift in Sources */ = {isa = PBXBuildFile; fileRef = 2703CAC0F9B47273D2434C7C /* SetRowView.swift */; };
		A6B4F0F01C1D658270A9270C /* WorkoutStartView.swift in Sources */ = {isa = PBXBuildFile; fileRef = 86A869D3551A873D2B35DE86 /* WorkoutStartView.swift */; };
		AA3C82628D324C96CA5BC0DC /* MemoTagRepository.swift in Sources */ = {isa = PBXBuildFile; fileRef = 54620CC519B6E0F0FC8EC1C1 /* MemoTagRepository.swift */; };
		AD5FC9958E46D9EBF14ABB97 /* BodyMetricsView.swift in Sources */ = {isa = PBXBuildFile; fileRef = ED0C31609B783471C8B05216 /* BodyMetricsView.swift */; };
		AFED43F4B9D68CC44C159A49 /* TrainingHeatmapView.swift in Sources */ = {isa = PBXBuildFile; fileRef = 3086FC1C83D5156FE6504B7A /* TrainingHeatmapView.swift */; };
		B2837C8386E70950BF4F2067 /* ComparisonService.swift in Sources */ = {isa = PBXBuildFile; fileRef = CEF8B315E435973826FA0783 /* ComparisonService.swift */; };
		B3B46597B0F47E01B5853487 /* Assets.xcassets in Resources */ = {isa = PBXBuildFile; fileRef = A6BA0C1E9B68EC1D17C36C58 /* Assets.xcassets */; };
		B4736FED5C3D98BF7CFD7670 /* WatchSyncManager.swift in Sources */ = {isa = PBXBuildFile; fileRef = 404A2ECFA152A3514397F6BC /* WatchSyncManager.swift */; };
		B750C3FB1949AD945E709EDE /* HomeNativeAdCard.swift in Sources */ = {isa = PBXBuildFile; fileRef = 28B79C246E08213BD0CBEBEC /* HomeNativeAdCard.swift */; };
		B7EAA5A551B09733811EF813 /* SessionSharePreviewSheet.swift in Sources */ = {isa = PBXBuildFile; fileRef = 6637EF975832B8EB6FB7370E /* SessionSharePreviewSheet.swift */; };
		B8F79533C952D9148916CF96 /* EmptyStateView.swift in Sources */ = {isa = PBXBuildFile; fileRef = C9C745675BA75C89C159D4E0 /* EmptyStateView.swift */; };
		BB1A0B20BEFD52CB68E9E0AF /* WeeklyGoalQuickPickView.swift in Sources */ = {isa = PBXBuildFile; fileRef = 040388CE70957777D41C7AAA /* WeeklyGoalQuickPickView.swift */; };
		BB673863FE55F273B8C1D417 /* SetTableHeaderRow.swift in Sources */ = {isa = PBXBuildFile; fileRef = E888E6561280EB7181DBB997 /* SetTableHeaderRow.swift */; };
		C18428594B5F6E7C35EA589E /* MainTabView.swift in Sources */ = {isa = PBXBuildFile; fileRef = 687ED963A1F3A49A36F6C2B3 /* MainTabView.swift */; };
		C28BB6C2B2B8CB0E2A562129 /* BodyMeasurement.swift in Sources */ = {isa = PBXBuildFile; fileRef = FD6DE429CDABD48A4F9410EB /* BodyMeasurement.swift */; };
		C4BE4E429C509A14B89AAFC9 /* MemoJournalService.swift in Sources */ = {isa = PBXBuildFile; fileRef = 4774369061C60B8775D473E5 /* MemoJournalService.swift */; };
		C5761344DF49C3BA3D59B468 /* GrowthRecordsTab.swift in Sources */ = {isa = PBXBuildFile; fileRef = 1733A913892172EE8025AC0A /* GrowthRecordsTab.swift */; };
		C8C74CDE07D8F26A5F695BDD /* AppDeepLinkHandler.swift in Sources */ = {isa = PBXBuildFile; fileRef = 76A0CC191D8E1B6390E47690 /* AppDeepLinkHandler.swift */; };
		CA14B2BF1F6573D81EFFE3A2 /* WatchSessionManager.swift in Sources */ = {isa = PBXBuildFile; fileRef = 4EE4E00EA5404186F5D2712E /* WatchSessionManager.swift */; };
		CABAABDC32715392F64BFCDC /* WorkoutSessionDraft.swift in Sources */ = {isa = PBXBuildFile; fileRef = BB671844132888819F3530DD /* WorkoutSessionDraft.swift */; };
		CB33466748D750911F1D639F /* WorkoutFocusInputView.swift in Sources */ = {isa = PBXBuildFile; fileRef = 3A412284D22708DBDAE59051 /* WorkoutFocusInputView.swift */; };
		CBF6A20D27873706550802AE /* MemoNavBarWeightUnitPicker.swift in Sources */ = {isa = PBXBuildFile; fileRef = 0A53FB66449F43421DBC45CE /* MemoNavBarWeightUnitPicker.swift */; };
		CD2AE0528A3325F300BFD1BD /* WorkoutSessionFlowView.swift in Sources */ = {isa = PBXBuildFile; fileRef = 054FDC8FDF7FBB0C37A44F2D /* WorkoutSessionFlowView.swift */; };
		CD9FFA46BDDC36C8B994C7BA /* MetricChip.swift in Sources */ = {isa = PBXBuildFile; fileRef = B9A45085F13D60530C88E9D5 /* MetricChip.swift */; };
		CE80BFE171DD15F8A68C688D /* AppTheme.swift in Sources */ = {isa = PBXBuildFile; fileRef = BC402EE6F1F0FA7430F05B2D /* AppTheme.swift */; };
		D159328A7DFB92E795B8B9A9 /* InlineStatView.swift in Sources */ = {isa = PBXBuildFile; fileRef = 3FDC88A9B3F737039093C964 /* InlineStatView.swift */; };
		D4AC4FC1096DC62CB84BD4F5 /* Localizable.xcstrings in Resources */ = {isa = PBXBuildFile; fileRef = 80EE04F485DF8E1D19E6D8BA /* Localizable.xcstrings */; };
		D4F4FBE4F5ECD0233EE3609B /* AppBootstrapper.swift in Sources */ = {isa = PBXBuildFile; fileRef = 4B76A972C65064E023EC7E2E /* AppBootstrapper.swift */; };
		D961312136D33BC925C72030 /* WorkoutSetDraft.swift in Sources */ = {isa = PBXBuildFile; fileRef = 86BC0533C1CE7EAFA650BD6D /* WorkoutSetDraft.swift */; };
		DA3C75458A27F7EEDDEC2A0D /* ExerciseReviewService.swift in Sources */ = {isa = PBXBuildFile; fileRef = 32481EF3EA6CCC5738903E9C /* ExerciseReviewService.swift */; };
		DBC6802D0754658FF03958EF /* WatchSessionView.swift in Sources */ = {isa = PBXBuildFile; fileRef = AE691F6D8D557B9D240CA9BF /* WatchSessionView.swift */; };
		DE1E3B145274EC2E2BF14FCB /* KintoreWatch.app in Embed Watch Content */ = {isa = PBXBuildFile; fileRef = 12B4AB62E637D0A15F3C064E /* KintoreWatch.app */; settings = {ATTRIBUTES = (RemoveHeadersOnCopy, ); }; };
		E21E1B811DC1181811158C03 /* MemoJournalView.swift in Sources */ = {isa = PBXBuildFile; fileRef = DA1470F6528BE90AF7F65DCB /* MemoJournalView.swift */; };
		E4AAC5BEC6FFCD3305018605 /* WorkoutSet.swift in Sources */ = {isa = PBXBuildFile; fileRef = ABF9590D26E362DF001AE855 /* WorkoutSet.swift */; };
		E533C9D03163DD03494241B7 /* Localizable.xcstrings in Resources */ = {isa = PBXBuildFile; fileRef = 6FF98DCAA13C4C0579CDFAD2 /* Localizable.xcstrings */; };
		E8FD358D09E533028C925A66 /* GrowthOverviewTab.swift in Sources */ = {isa = PBXBuildFile; fileRef = 97F0FF2E542C9B249958D1C0 /* GrowthOverviewTab.swift */; };
		ED6470534E6F1759BE7CB134 /* Exercise.swift in Sources */ = {isa = PBXBuildFile; fileRef = 24A1118B101167EB65D3DE7F /* Exercise.swift */; };
		EE6B5604ED3B3C7E0E171FD6 /* SessionReviewService.swift in Sources */ = {isa = PBXBuildFile; fileRef = 21003921F4B2F99464213178 /* SessionReviewService.swift */; };
		EFDC987174519855D5817736 /* PersonalRecord.swift in Sources */ = {isa = PBXBuildFile; fileRef = 68E3FC5F6FF9FC6058F403C5 /* PersonalRecord.swift */; };
		F2E7BDE91C435821745EB141 /* RestTimerManager.swift in Sources */ = {isa = PBXBuildFile; fileRef = E3CA366EF7DE3DDA335D670D /* RestTimerManager.swift */; };
		F31DBB9CE2F914B1EF597D44 /* PreviousRecordPanelView.swift in Sources */ = {isa = PBXBuildFile; fileRef = C59651729472D384CE000EC5 /* PreviousRecordPanelView.swift */; };
		F4056E9A7B336E6589AC2BDD /* OnboardingView.swift in Sources */ = {isa = PBXBuildFile; fileRef = 61F0FC68E326AF71BC75E7EE /* OnboardingView.swift */; };
		F58810FD4631F6CEF9E7AE7C /* ExercisePickerViewModel.swift in Sources */ = {isa = PBXBuildFile; fileRef = F1AF3D6A228CE675AA38FBF5 /* ExercisePickerViewModel.swift */; };
		FA71CE2A07F74620A8359C0D /* WidgetDataStore.swift in Sources */ = {isa = PBXBuildFile; fileRef = DE8C6E4F9D982F376793C25D /* WidgetDataStore.swift */; };
		FD974F69819480660EDC4FB7 /* ExerciseKind.swift in Sources */ = {isa = PBXBuildFile; fileRef = 20184CF5F6B80B8C7D1916ED /* ExerciseKind.swift */; };
		FE3590861B89C32A278F5FB9 /* GrowthExerciseTab.swift in Sources */ = {isa = PBXBuildFile; fileRef = D6FFA49305E09BBC4FC593D6 /* GrowthExerciseTab.swift */; };
/* End PBXBuildFile section */

/* Begin PBXContainerItemProxy section */
		525B84FE22BF04A8C0503083 /* PBXContainerItemProxy */ = {
			isa = PBXContainerItemProxy;
			containerPortal = EF86548BDA3FDE32B4F83A95 /* Project object */;
			proxyType = 1;
			remoteGlobalIDString = 67C3AD382CF9C074FA0D5167;
			remoteInfo = KintoreWatch;
		};
		EB0934C8180A6D4326DCB2A9 /* PBXContainerItemProxy */ = {
			isa = PBXContainerItemProxy;
			containerPortal = EF86548BDA3FDE32B4F83A95 /* Project object */;
			proxyType = 1;
			remoteGlobalIDString = 343DFFA3288F138B165BA87A;
			remoteInfo = KintoreWidget;
		};
/* End PBXContainerItemProxy section */

/* Begin PBXCopyFilesBuildPhase section */
		84A6145D0C1C1158E9573B16 /* Embed Watch Content */ = {
			isa = PBXCopyFilesBuildPhase;
			buildActionMask = 2147483647;
			dstPath = "$(CONTENTS_FOLDER_PATH)/Watch";
			dstSubfolderSpec = 16;
			files = (
				DE1E3B145274EC2E2BF14FCB /* KintoreWatch.app in Embed Watch Content */,
			);
			name = "Embed Watch Content";
			runOnlyForDeploymentPostprocessing = 0;
		};
		CEE32CBB1CF85F51DD3226D1 /* Embed Foundation Extensions */ = {
			isa = PBXCopyFilesBuildPhase;
			buildActionMask = 2147483647;
			dstPath = "";
			dstSubfolderSpec = 13;
			files = (
				124093DDE19FCE575CCF4C1F /* KintoreWidget.appex in Embed Foundation Extensions */,
			);
			name = "Embed Foundation Extensions";
			runOnlyForDeploymentPostprocessing = 0;
		};
/* End PBXCopyFilesBuildPhase section */

/* Begin PBXFileReference section */
		0212C578F0725F34070FDE9A /* SettingsRepository.swift */ = {isa = PBXFileReference; lastKnownFileType = sourcecode.swift; path = SettingsRepository.swift; sourceTree = "<group>"; };
		040388CE70957777D41C7AAA /* WeeklyGoalQuickPickView.swift */ = {isa = PBXFileReference; lastKnownFileType = sourcecode.swift; path = WeeklyGoalQuickPickView.swift; sourceTree = "<group>"; };
		054FDC8FDF7FBB0C37A44F2D /* WorkoutSessionFlowView.swift */ = {isa = PBXFileReference; lastKnownFileType = sourcecode.swift; path = WorkoutSessionFlowView.swift; sourceTree = "<group>"; };
		05E5EDEB0C117479C5904B5B /* AppStoreScreenshotDemoData.swift */ = {isa = PBXFileReference; lastKnownFileType = sourcecode.swift; path = AppStoreScreenshotDemoData.swift; sourceTree = "<group>"; };
		0907ADD9B3F85F2CFF0EEE62 /* WorkoutRecordViewModel.swift */ = {isa = PBXFileReference; lastKnownFileType = sourcecode.swift; path = WorkoutRecordViewModel.swift; sourceTree = "<group>"; };
		0A16E5DFF615D6067FD14AFB /* PlateCalculatorView.swift */ = {isa = PBXFileReference; lastKnownFileType = sourcecode.swift; path = PlateCalculatorView.swift; sourceTree = "<group>"; };
		0A53FB66449F43421DBC45CE /* MemoNavBarWeightUnitPicker.swift */ = {isa = PBXFileReference; lastKnownFileType = sourcecode.swift; path = MemoNavBarWeightUnitPicker.swift; sourceTree = "<group>"; };
		0A7D88A695048B911E8ABC21 /* en */ = {isa = PBXFileReference; lastKnownFileType = text.plist.strings; name = en; path = en.lproj/InfoPlist.strings; sourceTree = "<group>"; };
		0C9C420AF56B2B58EEB8A339 /* ShareCardComposer.swift */ = {isa = PBXFileReference; lastKnownFileType = sourcecode.swift; path = ShareCardComposer.swift; sourceTree = "<group>"; };
		121A59238B58D4753BFD8421 /* TemplateRepository.swift */ = {isa = PBXFileReference; lastKnownFileType = sourcecode.swift; path = TemplateRepository.swift; sourceTree = "<group>"; };
		12B4AB62E637D0A15F3C064E /* KintoreWatch.app */ = {isa = PBXFileReference; explicitFileType = wrapper.application; includeInIndex = 0; path = KintoreWatch.app; sourceTree = BUILT_PRODUCTS_DIR; };
		13C217405A5D5B1ACB5C4693 /* WorkoutExerciseEditorBlock.swift */ = {isa = PBXFileReference; lastKnownFileType = sourcecode.swift; path = WorkoutExerciseEditorBlock.swift; sourceTree = "<group>"; };
		14ECA5CA4D4B883783A36893 /* ModernChartStyle.swift */ = {isa = PBXFileReference; lastKnownFileType = sourcecode.swift; path = ModernChartStyle.swift; sourceTree = "<group>"; };
		1733A913892172EE8025AC0A /* GrowthRecordsTab.swift */ = {isa = PBXFileReference; lastKnownFileType = sourcecode.swift; path = GrowthRecordsTab.swift; sourceTree = "<group>"; };
		1778EBC47AF521C3FA9411C5 /* SectionHeaderView.swift */ = {isa = PBXFileReference; lastKnownFileType = sourcecode.swift; path = SectionHeaderView.swift; sourceTree = "<group>"; };
		177F70CAC9CA5CA6EBAE5B13 /* HapticHelper.swift */ = {isa = PBXFileReference; lastKnownFileType = sourcecode.swift; path = HapticHelper.swift; sourceTree = "<group>"; };
		1814877BAFE0E8030979FA1E /* SessionDetailViewModel.swift */ = {isa = PBXFileReference; lastKnownFileType = sourcecode.swift; path = SessionDetailViewModel.swift; sourceTree = "<group>"; };
		1DDCE84698C5DEA5BCADBC50 /* BodyPartGrowthViewModel.swift */ = {isa = PBXFileReference; lastKnownFileType = sourcecode.swift; path = BodyPartGrowthViewModel.swift; sourceTree = "<group>"; };
		20184CF5F6B80B8C7D1916ED /* ExerciseKind.swift */ = {isa = PBXFileReference; lastKnownFileType = sourcecode.swift; path = ExerciseKind.swift; sourceTree = "<group>"; };
		21003921F4B2F99464213178 /* SessionReviewService.swift */ = {isa = PBXFileReference; lastKnownFileType = sourcecode.swift; path = SessionReviewService.swift; sourceTree = "<group>"; };
		22AD048A0E2117DF58061458 /* Kintore.app */ = {isa = PBXFileReference; includeInIndex = 0; lastKnownFileType = wrapper.application; path = Kintore.app; sourceTree = BUILT_PRODUCTS_DIR; };
		24A1118B101167EB65D3DE7F /* Exercise.swift */ = {isa = PBXFileReference; lastKnownFileType = sourcecode.swift; path = Exercise.swift; sourceTree = "<group>"; };
		2703CAC0F9B47273D2434C7C /* SetRowView.swift */ = {isa = PBXFileReference; lastKnownFileType = sourcecode.swift; path = SetRowView.swift; sourceTree = "<group>"; };
		28B79C246E08213BD0CBEBEC /* HomeNativeAdCard.swift */ = {isa = PBXFileReference; lastKnownFileType = sourcecode.swift; path = HomeNativeAdCard.swift; sourceTree = "<group>"; };
		2A1FA10F47493CE56AFE1EEA /* BodyPartExerciseListView.swift */ = {isa = PBXFileReference; lastKnownFileType = sourcecode.swift; path = BodyPartExerciseListView.swift; sourceTree = "<group>"; };
		2A74D4F7BF145186D9D36C08 /* Info.plist */ = {isa = PBXFileReference; lastKnownFileType = text.plist; path = Info.plist; sourceTree = "<group>"; };
		2A85E690A842B89E9E1AD125 /* UIApplication+TopViewController.swift */ = {isa = PBXFileReference; lastKnownFileType = sourcecode.swift; path = "UIApplication+TopViewController.swift"; sourceTree = "<group>"; };
		2CBAC0E2607418A9A0235252 /* ExportService.swift */ = {isa = PBXFileReference; lastKnownFileType = sourcecode.swift; path = ExportService.swift; sourceTree = "<group>"; };
		2EBC7F0E12BA1B013218CFED /* WorkoutSession.swift */ = {isa = PBXFileReference; lastKnownFileType = sourcecode.swift; path = WorkoutSession.swift; sourceTree = "<group>"; };
		3086FC1C83D5156FE6504B7A /* TrainingHeatmapView.swift */ = {isa = PBXFileReference; lastKnownFileType = sourcecode.swift; path = TrainingHeatmapView.swift; sourceTree = "<group>"; };
		32481EF3EA6CCC5738903E9C /* ExerciseReviewService.swift */ = {isa = PBXFileReference; lastKnownFileType = sourcecode.swift; path = ExerciseReviewService.swift; sourceTree = "<group>"; };
		330567EBA69F295C1C35A9D2 /* ExerciseDetailViewModel.swift */ = {isa = PBXFileReference; lastKnownFileType = sourcecode.swift; path = ExerciseDetailViewModel.swift; sourceTree = "<group>"; };
		378CD7C4F48433C188C0E88A /* RoutineEditView.swift */ = {isa = PBXFileReference; lastKnownFileType = sourcecode.swift; path = RoutineEditView.swift; sourceTree = "<group>"; };
		3A412284D22708DBDAE59051 /* WorkoutFocusInputView.swift */ = {isa = PBXFileReference; lastKnownFileType = sourcecode.swift; path = WorkoutFocusInputView.swift; sourceTree = "<group>"; };
		3CBB9C74F575B1EA3E8D7987 /* ContentView.swift */ = {isa = PBXFileReference; lastKnownFileType = sourcecode.swift; path = ContentView.swift; sourceTree = "<group>"; };
		3EC9BDCC00F2827E83144A7B /* RecentSessionCardView.swift */ = {isa = PBXFileReference; lastKnownFileType = sourcecode.swift; path = RecentSessionCardView.swift; sourceTree = "<group>"; };
		3F4A084448E41D599EF11BB9 /* WatchRestTimerView.swift */ = {isa = PBXFileReference; lastKnownFileType = sourcecode.swift; path = WatchRestTimerView.swift; sourceTree = "<group>"; };
		3FA5F34C12B57B3647CF16ED /* WatchContentView.swift */ = {isa = PBXFileReference; lastKnownFileType = sourcecode.swift; path = WatchContentView.swift; sourceTree = "<group>"; };
		3FDC88A9B3F737039093C964 /* InlineStatView.swift */ = {isa = PBXFileReference; lastKnownFileType = sourcecode.swift; path = InlineStatView.swift; sourceTree = "<group>"; };
		404A2ECFA152A3514397F6BC /* WatchSyncManager.swift */ = {isa = PBXFileReference; lastKnownFileType = sourcecode.swift; path = WatchSyncManager.swift; sourceTree = "<group>"; };
		45E722E02BE39787F5C84266 /* PersonalRecordService.swift */ = {isa = PBXFileReference; lastKnownFileType = sourcecode.swift; path = PersonalRecordService.swift; sourceTree = "<group>"; };
		46AF7F328EB852A4AB17CB3E /* PremiumService.swift */ = {isa = PBXFileReference; lastKnownFileType = sourcecode.swift; path = PremiumService.swift; sourceTree = "<group>"; };
		4774369061C60B8775D473E5 /* MemoJournalService.swift */ = {isa = PBXFileReference; lastKnownFileType = sourcecode.swift; path = MemoJournalService.swift; sourceTree = "<group>"; };
		4B76A972C65064E023EC7E2E /* AppBootstrapper.swift */ = {isa = PBXFileReference; lastKnownFileType = sourcecode.swift; path = AppBootstrapper.swift; sourceTree = "<group>"; };
		4BC8B3370C75F6BAA64421B4 /* test.txt */ = {isa = PBXFileReference; lastKnownFileType = text; path = test.txt; sourceTree = "<group>"; };
		4EE4E00EA5404186F5D2712E /* WatchSessionManager.swift */ = {isa = PBXFileReference; lastKnownFileType = sourcecode.swift; path = WatchSessionManager.swift; sourceTree = "<group>"; };
		503EC853F81C042A5C68F1B9 /* ChartAnnotationBubble.swift */ = {isa = PBXFileReference; lastKnownFileType = sourcecode.swift; path = ChartAnnotationBubble.swift; sourceTree = "<group>"; };
		505BF6BD74EDDA375C4F0D07 /* Assets.xcassets */ = {isa = PBXFileReference; lastKnownFileType = folder.assetcatalog; path = Assets.xcassets; sourceTree = "<group>"; };
		5087D29DC2CA5FC77E89F037 /* SessionDetailView.swift */ = {isa = PBXFileReference; lastKnownFileType = sourcecode.swift; path = SessionDetailView.swift; sourceTree = "<group>"; };
		54620CC519B6E0F0FC8EC1C1 /* MemoTagRepository.swift */ = {isa = PBXFileReference; lastKnownFileType = sourcecode.swift; path = MemoTagRepository.swift; sourceTree = "<group>"; };
		5874F728C1C294FB5A42888A /* WorkoutExercise.swift */ = {isa = PBXFileReference; lastKnownFileType = sourcecode.swift; path = WorkoutExercise.swift; sourceTree = "<group>"; };
		59CB5043B95E7B293A247C94 /* WorkoutStartViewModel.swift */ = {isa = PBXFileReference; lastKnownFileType = sourcecode.swift; path = WorkoutStartViewModel.swift; sourceTree = "<group>"; };
		61F0FC68E326AF71BC75E7EE /* OnboardingView.swift */ = {isa = PBXFileReference; lastKnownFileType = sourcecode.swift; path = OnboardingView.swift; sourceTree = "<group>"; };
		620CEDCDECFF00BB7F9A0D7F /* HistoryListView.swift */ = {isa = PBXFileReference; lastKnownFileType = sourcecode.swift; path = HistoryListView.swift; sourceTree = "<group>"; };
		6637EF975832B8EB6FB7370E /* SessionSharePreviewSheet.swift */ = {isa = PBXFileReference; lastKnownFileType = sourcecode.swift; path = SessionSharePreviewSheet.swift; sourceTree = "<group>"; };
		66594E55BD6EDEBB7F46F812 /* WorkoutExerciseDraft.swift */ = {isa = PBXFileReference; lastKnownFileType = sourcecode.swift; path = WorkoutExerciseDraft.swift; sourceTree = "<group>"; };
		6740825FB5144FDECC2BA125 /* SessionSummaryHeaderView.swift */ = {isa = PBXFileReference; lastKnownFileType = sourcecode.swift; path = SessionSummaryHeaderView.swift; sourceTree = "<group>"; };
		687ED963A1F3A49A36F6C2B3 /* MainTabView.swift */ = {isa = PBXFileReference; lastKnownFileType = sourcecode.swift; path = MainTabView.swift; sourceTree = "<group>"; };
		68E3FC5F6FF9FC6058F403C5 /* PersonalRecord.swift */ = {isa = PBXFileReference; lastKnownFileType = sourcecode.swift; path = PersonalRecord.swift; sourceTree = "<group>"; };
		6C86AC87A8652060394B65C2 /* StatisticsViewModel.swift */ = {isa = PBXFileReference; lastKnownFileType = sourcecode.swift; path = StatisticsViewModel.swift; sourceTree = "<group>"; };
		6FF98DCAA13C4C0579CDFAD2 /* Localizable.xcstrings */ = {isa = PBXFileReference; lastKnownFileType = text.json.xcstrings; path = Localizable.xcstrings; sourceTree = "<group>"; };
		71A61696D994691BCE264421 /* CalendarReviewService.swift */ = {isa = PBXFileReference; lastKnownFileType = sourcecode.swift; path = CalendarReviewService.swift; sourceTree = "<group>"; };
		71A847069C4DCEAD4F444A04 /* KintoreWidget.appex */ = {isa = PBXFileReference; includeInIndex = 0; lastKnownFileType = "wrapper.app-extension"; path = KintoreWidget.appex; sourceTree = BUILT_PRODUCTS_DIR; };
		73F0E3EEFEE8E279642BD7C8 /* PrimaryButton.swift */ = {isa = PBXFileReference; lastKnownFileType = sourcecode.swift; path = PrimaryButton.swift; sourceTree = "<group>"; };
		76A0CC191D8E1B6390E47690 /* AppDeepLinkHandler.swift */ = {isa = PBXFileReference; lastKnownFileType = sourcecode.swift; path = AppDeepLinkHandler.swift; sourceTree = "<group>"; };
		78293975FA65747DC582F05A /* HealthKitWorkoutService.swift */ = {isa = PBXFileReference; lastKnownFileType = sourcecode.swift; path = HealthKitWorkoutService.swift; sourceTree = "<group>"; };
		7A6C6106CE1B9406820BF8DE /* AdMobConfiguration.swift */ = {isa = PBXFileReference; lastKnownFileType = sourcecode.swift; path = AdMobConfiguration.swift; sourceTree = "<group>"; };
		7ACF785DC5CE47918FA8F899 /* UserPreference.swift */ = {isa = PBXFileReference; lastKnownFileType = sourcecode.swift; path = UserPreference.swift; sourceTree = "<group>"; };
		7CEF2F0492B66BD65F547F7A /* MemoNumericKeyboardPad.swift */ = {isa = PBXFileReference; lastKnownFileType = sourcecode.swift; path = MemoNumericKeyboardPad.swift; sourceTree = "<group>"; };
		80EE04F485DF8E1D19E6D8BA /* Localizable.xcstrings */ = {isa = PBXFileReference; lastKnownFileType = text.json.xcstrings; path = Localizable.xcstrings; sourceTree = "<group>"; };
		842A8398E08D11C300124A28 /* VolumeCalculator.swift */ = {isa = PBXFileReference; lastKnownFileType = sourcecode.swift; path = VolumeCalculator.swift; sourceTree = "<group>"; };
		8502027B074A20B9087D0D2F /* Info.plist */ = {isa = PBXFileReference; lastKnownFileType = text.plist; path = Info.plist; sourceTree = "<group>"; };
		86A869D3551A873D2B35DE86 /* WorkoutStartView.swift */ = {isa = PBXFileReference; lastKnownFileType = sourcecode.swift; path = WorkoutStartView.swift; sourceTree = "<group>"; };
		86BC0533C1CE7EAFA650BD6D /* WorkoutSetDraft.swift */ = {isa = PBXFileReference; lastKnownFileType = sourcecode.swift; path = WorkoutSetDraft.swift; sourceTree = "<group>"; };
		8749FB98F45C94A355B4D07D /* Localizable.xcstrings */ = {isa = PBXFileReference; lastKnownFileType = text.json.xcstrings; path = Localizable.xcstrings; sourceTree = "<group>"; };
		8779B315D45B67DD103BB8AF /* Kintore.entitlements */ = {isa = PBXFileReference; lastKnownFileType = text.plist.entitlements; path = Kintore.entitlements; sourceTree = "<group>"; };
		87B211C596837FC19C846B7C /* ExerciseListView.swift */ = {isa = PBXFileReference; lastKnownFileType = sourcecode.swift; path = ExerciseListView.swift; sourceTree = "<group>"; };
		88500AD3F3B624A8E316A08F /* ShareSheet.swift */ = {isa = PBXFileReference; lastKnownFileType = sourcecode.swift; path = ShareSheet.swift; sourceTree = "<group>"; };
		892A4A2939EBE5241C407C20 /* KintoreWatchApp.swift */ = {isa = PBXFileReference; lastKnownFileType = sourcecode.swift; path = KintoreWatchApp.swift; sourceTree = "<group>"; };
		89FD7C27393F4BC532AECC9F /* Info.plist */ = {isa = PBXFileReference; lastKnownFileType = text.plist; path = Info.plist; sourceTree = "<group>"; };
		93E466BDD619D1337AF847F4 /* RetentionNotificationService.swift */ = {isa = PBXFileReference; lastKnownFileType = sourcecode.swift; path = RetentionNotificationService.swift; sourceTree = "<group>"; };
		943BF7BA15CAD301E72781F6 /* MemoTag.swift */ = {isa = PBXFileReference; lastKnownFileType = sourcecode.swift; path = MemoTag.swift; sourceTree = "<group>"; };
		97F0FF2E542C9B249958D1C0 /* GrowthOverviewTab.swift */ = {isa = PBXFileReference; lastKnownFileType = sourcecode.swift; path = GrowthOverviewTab.swift; sourceTree = "<group>"; };
		98246466BEF6EF3EB3AAEF9F /* StatisticsView.swift */ = {isa = PBXFileReference; lastKnownFileType = sourcecode.swift; path = StatisticsView.swift; sourceTree = "<group>"; };
		9BEC7757C082FFFDAA449BAC /* ExerciseRepository.swift */ = {isa = PBXFileReference; lastKnownFileType = sourcecode.swift; path = ExerciseRepository.swift; sourceTree = "<group>"; };
		9CC63C1EA0C36DCCC2C5C4B2 /* WeeklyGoalEditorSheet.swift */ = {isa = PBXFileReference; lastKnownFileType = sourcecode.swift; path = WeeklyGoalEditorSheet.swift; sourceTree = "<group>"; };
		A041F1500688DE21BD23348B /* RepLogWidgetBundle.swift */ = {isa = PBXFileReference; lastKnownFileType = sourcecode.swift; path = RepLogWidgetBundle.swift; sourceTree = "<group>"; };
		A22DE1CABB5B30462CC303F4 /* MemoTagIdsHelper.swift */ = {isa = PBXFileReference; lastKnownFileType = sourcecode.swift; path = MemoTagIdsHelper.swift; sourceTree = "<group>"; };
		A3A1E3CEA65A202BBD26AE67 /* WorkoutCompleteSummaryView.swift */ = {isa = PBXFileReference; lastKnownFileType = sourcecode.swift; path = WorkoutCompleteSummaryView.swift; sourceTree = "<group>"; };
		A6BA0C1E9B68EC1D17C36C58 /* Assets.xcassets */ = {isa = PBXFileReference; lastKnownFileType = folder.assetcatalog; path = Assets.xcassets; sourceTree = "<group>"; };
		AA4D15C19460D375007DA693 /* WorkoutStatsService.swift */ = {isa = PBXFileReference; lastKnownFileType = sourcecode.swift; path = WorkoutStatsService.swift; sourceTree = "<group>"; };
		AAABD4798D09DB9AEBA51DBA /* WatchBrandColors.swift */ = {isa = PBXFileReference; lastKnownFileType = sourcecode.swift; path = WatchBrandColors.swift; sourceTree = "<group>"; };
		AB45E2F69CB6FF8FA48B9124 /* ExerciseSearch.swift */ = {isa = PBXFileReference; lastKnownFileType = sourcecode.swift; path = ExerciseSearch.swift; sourceTree = "<group>"; };
		ABF9590D26E362DF001AE855 /* WorkoutSet.swift */ = {isa = PBXFileReference; lastKnownFileType = sourcecode.swift; path = WorkoutSet.swift; sourceTree = "<group>"; };
		AC4227D9FDB7E74AE5C17B76 /* SectionCard.swift */ = {isa = PBXFileReference; lastKnownFileType = sourcecode.swift; path = SectionCard.swift; sourceTree = "<group>"; };
		AE691F6D8D557B9D240CA9BF /* WatchSessionView.swift */ = {isa = PBXFileReference; lastKnownFileType = sourcecode.swift; path = WatchSessionView.swift; sourceTree = "<group>"; };
		AF38B1FA48D4CBFC8CC98088 /* WorkoutTemplate.swift */ = {isa = PBXFileReference; lastKnownFileType = sourcecode.swift; path = WorkoutTemplate.swift; sourceTree = "<group>"; };
		B362F2BF42DF86734AB9F179 /* DefaultMemoTagsSeed.swift */ = {isa = PBXFileReference; lastKnownFileType = sourcecode.swift; path = DefaultMemoTagsSeed.swift; sourceTree = "<group>"; };
		B3C47BA6339E744D0919816A /* ShareCardImageRenderer.swift */ = {isa = PBXFileReference; lastKnownFileType = sourcecode.swift; path = ShareCardImageRenderer.swift; sourceTree = "<group>"; };
		B3D7A683BE6EC0743D994337 /* ExerciseTrendPeriod.swift */ = {isa = PBXFileReference; lastKnownFileType = sourcecode.swift; path = ExerciseTrendPeriod.swift; sourceTree = "<group>"; };
		B3F4DFA7FA3AFAFE81906D7C /* SecondaryActionButton.swift */ = {isa = PBXFileReference; lastKnownFileType = sourcecode.swift; path = SecondaryActionButton.swift; sourceTree = "<group>"; };
		B4399CD8E4BE3DA32FF3A842 /* ExercisePickerView.swift */ = {isa = PBXFileReference; lastKnownFileType = sourcecode.swift; path = ExercisePickerView.swift; sourceTree = "<group>"; };
		B4F60D2465E6B60C0DBD91A4 /* WorkoutFinishInterstitialPresenter.swift */ = {isa = PBXFileReference; lastKnownFileType = sourcecode.swift; path = WorkoutFinishInterstitialPresenter.swift; sourceTree = "<group>"; };
		B53C53AE48A20FD4D65F1AE2 /* WorkoutRecordView.swift */ = {isa = PBXFileReference; lastKnownFileType = sourcecode.swift; path = WorkoutRecordView.swift; sourceTree = "<group>"; };
		B5AB17518993767D622BF58C /* AnalyticsEventService.swift */ = {isa = PBXFileReference; lastKnownFileType = sourcecode.swift; path = AnalyticsEventService.swift; sourceTree = "<group>"; };
		B7EEA0D6466672EDE69767DD /* CalendarView.swift */ = {isa = PBXFileReference; lastKnownFileType = sourcecode.swift; path = CalendarView.swift; sourceTree = "<group>"; };
		B9A45085F13D60530C88E9D5 /* MetricChip.swift */ = {isa = PBXFileReference; lastKnownFileType = sourcecode.swift; path = MetricChip.swift; sourceTree = "<group>"; };
		BAB54DCB495BA06FDB8E4346 /* WatchSettingsHelper.swift */ = {isa = PBXFileReference; lastKnownFileType = sourcecode.swift; path = WatchSettingsHelper.swift; sourceTree = "<group>"; };
		BB671844132888819F3530DD /* WorkoutSessionDraft.swift */ = {isa = PBXFileReference; lastKnownFileType = sourcecode.swift; path = WorkoutSessionDraft.swift; sourceTree = "<group>"; };
		BC402EE6F1F0FA7430F05B2D /* AppTheme.swift */ = {isa = PBXFileReference; lastKnownFileType = sourcecode.swift; path = AppTheme.swift; sourceTree = "<group>"; };
		BCB3BD0F3ED2F4AA89A11619 /* GrowthSharePreviewSheet.swift */ = {isa = PBXFileReference; lastKnownFileType = sourcecode.swift; path = GrowthSharePreviewSheet.swift; sourceTree = "<group>"; };
		BEB59FDABA200461B72D804E /* DefaultExercisesSeed.swift */ = {isa = PBXFileReference; lastKnownFileType = sourcecode.swift; path = DefaultExercisesSeed.swift; sourceTree = "<group>"; };
		BF0790705B2CFEC2AB373691 /* SessionReviewContentView.swift */ = {isa = PBXFileReference; lastKnownFileType = sourcecode.swift; path = SessionReviewContentView.swift; sourceTree = "<group>"; };
		BFB18BF463CFD9E438F7821C /* RepLogWidget.swift */ = {isa = PBXFileReference; lastKnownFileType = sourcecode.swift; path = RepLogWidget.swift; sourceTree = "<group>"; };
		C1CF41914E8549B8C169EB07 /* AppRootView.swift */ = {isa = PBXFileReference; lastKnownFileType = sourcecode.swift; path = AppRootView.swift; sourceTree = "<group>"; };
		C59651729472D384CE000EC5 /* PreviousRecordPanelView.swift */ = {isa = PBXFileReference; lastKnownFileType = sourcecode.swift; path = PreviousRecordPanelView.swift; sourceTree = "<group>"; };
		C61BFBD0925F14AA075B3AD4 /* WorkoutTemplateItem.swift */ = {isa = PBXFileReference; lastKnownFileType = sourcecode.swift; path = WorkoutTemplateItem.swift; sourceTree = "<group>"; };
		C7AD0CA3E9BD36A23D1ACBCC /* PreviousRecordService.swift */ = {isa = PBXFileReference; lastKnownFileType = sourcecode.swift; path = PreviousRecordService.swift; sourceTree = "<group>"; };
		C9C745675BA75C89C159D4E0 /* EmptyStateView.swift */ = {isa = PBXFileReference; lastKnownFileType = sourcecode.swift; path = EmptyStateView.swift; sourceTree = "<group>"; };
		CEF8B315E435973826FA0783 /* ComparisonService.swift */ = {isa = PBXFileReference; lastKnownFileType = sourcecode.swift; path = ComparisonService.swift; sourceTree = "<group>"; };
		CF1C41A7D87C7834580B0B89 /* HomeView.swift */ = {isa = PBXFileReference; lastKnownFileType = sourcecode.swift; path = HomeView.swift; sourceTree = "<group>"; };
		CF85D56A41D68650A9741D43 /* GrowthDashboardView.swift */ = {isa = PBXFileReference; lastKnownFileType = sourcecode.swift; path = GrowthDashboardView.swift; sourceTree = "<group>"; };
		D0DA06C220EB1271D5C05E08 /* KintoreApp.swift */ = {isa = PBXFileReference; lastKnownFileType = sourcecode.swift; path = KintoreApp.swift; sourceTree = "<group>"; };
		D46507B37EDE43E6727B7CA7 /* HomeViewModel.swift */ = {isa = PBXFileReference; lastKnownFileType = sourcecode.swift; path = HomeViewModel.swift; sourceTree = "<group>"; };
		D6FFA49305E09BBC4FC593D6 /* GrowthExerciseTab.swift */ = {isa = PBXFileReference; lastKnownFileType = sourcecode.swift; path = GrowthExerciseTab.swift; sourceTree = "<group>"; };
		D7E43DEBBDD8F13DF0BA32B8 /* HomeMemoDashboardComponents.swift */ = {isa = PBXFileReference; lastKnownFileType = sourcecode.swift; path = HomeMemoDashboardComponents.swift; sourceTree = "<group>"; };
		DA1470F6528BE90AF7F65DCB /* MemoJournalView.swift */ = {isa = PBXFileReference; lastKnownFileType = sourcecode.swift; path = MemoJournalView.swift; sourceTree = "<group>"; };
		DA6BF0E4025FE6AEFECF44D0 /* ModelContainerFactory.swift */ = {isa = PBXFileReference; lastKnownFileType = sourcecode.swift; path = ModelContainerFactory.swift; sourceTree = "<group>"; };
		DE8C6E4F9D982F376793C25D /* WidgetDataStore.swift */ = {isa = PBXFileReference; lastKnownFileType = sourcecode.swift; path = WidgetDataStore.swift; sourceTree = "<group>"; };
		DF5891626DA8281849A9A13A /* ExerciseDetailView.swift */ = {isa = PBXFileReference; lastKnownFileType = sourcecode.swift; path = ExerciseDetailView.swift; sourceTree = "<group>"; };
		E3CA366EF7DE3DDA335D670D /* RestTimerManager.swift */ = {isa = PBXFileReference; lastKnownFileType = sourcecode.swift; path = RestTimerManager.swift; sourceTree = "<group>"; };
		E86512A48C83749D4625005B /* AppFormatters.swift */ = {isa = PBXFileReference; lastKnownFileType = sourcecode.swift; path = AppFormatters.swift; sourceTree = "<group>"; };
		E888E6561280EB7181DBB997 /* SetTableHeaderRow.swift */ = {isa = PBXFileReference; lastKnownFileType = sourcecode.swift; path = SetTableHeaderRow.swift; sourceTree = "<group>"; };
		EC8564699493FCF3379609AE /* CreateExerciseView.swift */ = {isa = PBXFileReference; lastKnownFileType = sourcecode.swift; path = CreateExerciseView.swift; sourceTree = "<group>"; };
		ED0C31609B783471C8B05216 /* BodyMetricsView.swift */ = {isa = PBXFileReference; lastKnownFileType = sourcecode.swift; path = BodyMetricsView.swift; sourceTree = "<group>"; };
		EDE8546D4CF4E25681913F1E /* RoutineListView.swift */ = {isa = PBXFileReference; lastKnownFileType = sourcecode.swift; path = RoutineListView.swift; sourceTree = "<group>"; };
		EFC5AE9CA6C6E53C4CEE2160 /* BodyMeasurementRepository.swift */ = {isa = PBXFileReference; lastKnownFileType = sourcecode.swift; path = BodyMeasurementRepository.swift; sourceTree = "<group>"; };
		F0872D76E48FDFF6EB3C3A3F /* ja */ = {isa = PBXFileReference; lastKnownFileType = text.plist.strings; name = ja; path = ja.lproj/InfoPlist.strings; sourceTree = "<group>"; };
		F167D5DA45031E59E70A4778 /* WorkoutRepository.swift */ = {isa = PBXFileReference; lastKnownFileType = sourcecode.swift; path = WorkoutRepository.swift; sourceTree = "<group>"; };
		F1AF3D6A228CE675AA38FBF5 /* ExercisePickerViewModel.swift */ = {isa = PBXFileReference; lastKnownFileType = sourcecode.swift; path = ExercisePickerViewModel.swift; sourceTree = "<group>"; };
		F8BD82E17C6561C674EA4DBF /* HistoryListViewModel.swift */ = {isa = PBXFileReference; lastKnownFileType = sourcecode.swift; path = HistoryListViewModel.swift; sourceTree = "<group>"; };
		F98DCD1D26C18DE53690504C /* SettingsView.swift */ = {isa = PBXFileReference; lastKnownFileType = sourcecode.swift; path = SettingsView.swift; sourceTree = "<group>"; };
		FD170590D81AD40FA6D73DBF /* KintoreWidget.entitlements */ = {isa = PBXFileReference; lastKnownFileType = text.plist.entitlements; path = KintoreWidget.entitlements; sourceTree = "<group>"; };
		FD6DE429CDABD48A4F9410EB /* BodyMeasurement.swift */ = {isa = PBXFileReference; lastKnownFileType = sourcecode.swift; path = BodyMeasurement.swift; sourceTree = "<group>"; };
		FD8162E3F39AC8F73405ACE1 /* TreadmillCardioExercisesSeed.swift */ = {isa = PBXFileReference; lastKnownFileType = sourcecode.swift; path = TreadmillCardioExercisesSeed.swift; sourceTree = "<group>"; };
/* End PBXFileReference section */

/* Begin PBXFrameworksBuildPhase section */
		EB5580C80401AB612500AAD4 /* Frameworks */ = {
			isa = PBXFrameworksBuildPhase;
			buildActionMask = 2147483647;
			files = (
				63F9757B446482656157F47C /* GoogleMobileAds in Frameworks */,
			);
			runOnlyForDeploymentPostprocessing = 0;
		};
/* End PBXFrameworksBuildPhase section */

/* Begin PBXGroup section */
		047B004FD3CC8A541F393CFA /* Statistics */ = {
			isa = PBXGroup;
			children = (
				1DDCE84698C5DEA5BCADBC50 /* BodyPartGrowthViewModel.swift */,
				DF5891626DA8281849A9A13A /* ExerciseDetailView.swift */,
				330567EBA69F295C1C35A9D2 /* ExerciseDetailViewModel.swift */,
				B3D7A683BE6EC0743D994337 /* ExerciseTrendPeriod.swift */,
				CF85D56A41D68650A9741D43 /* GrowthDashboardView.swift */,
				D6FFA49305E09BBC4FC593D6 /* GrowthExerciseTab.swift */,
				97F0FF2E542C9B249958D1C0 /* GrowthOverviewTab.swift */,
				1733A913892172EE8025AC0A /* GrowthRecordsTab.swift */,
				BCB3BD0F3ED2F4AA89A11619 /* GrowthSharePreviewSheet.swift */,
				98246466BEF6EF3EB3AAEF9F /* StatisticsView.swift */,
				6C86AC87A8652060394B65C2 /* StatisticsViewModel.swift */,
			);
			path = Statistics;
			sourceTree = "<group>";
		};
		10462E6049E2B4581ADDF08C /* Products */ = {
			isa = PBXGroup;
			children = (
				22AD048A0E2117DF58061458 /* Kintore.app */,
				12B4AB62E637D0A15F3C064E /* KintoreWatch.app */,
				71A847069C4DCEAD4F444A04 /* KintoreWidget.appex */,
			);
			name = Products;
			sourceTree = "<group>";
		};
		2FD03CAEE42240AE70C639DF /* Modules */ = {
			isa = PBXGroup;
			children = (
				477CF6CFEB92095014592E99 /* Exercise */,
				B0E55C85132516243925654A /* History */,
				F637E2684167A7FE339F1039 /* Home */,
				313D46C78426869CF4DBAAD2 /* Onboarding */,
				326654C5C6B54FAE6C411FB2 /* Routine */,
				8DBBF9D7D184900CABCD4FA8 /* Settings */,
				047B004FD3CC8A541F393CFA /* Statistics */,
				F775C41FC2EB42F40C2ED2C4 /* Workout */,
			);
			path = Modules;
			sourceTree = "<group>";
		};
		313D46C78426869CF4DBAAD2 /* Onboarding */ = {
			isa = PBXGroup;
			children = (
				61F0FC68E326AF71BC75E7EE /* OnboardingView.swift */,
			);
			path = Onboarding;
			sourceTree = "<group>";
		};
		326654C5C6B54FAE6C411FB2 /* Routine */ = {
			isa = PBXGroup;
			children = (
				378CD7C4F48433C188C0E88A /* RoutineEditView.swift */,
				EDE8546D4CF4E25681913F1E /* RoutineListView.swift */,
			);
			path = Routine;
			sourceTree = "<group>";
		};
		401B38D92D9B96363213DE41 /* KintoreWatch */ = {
			isa = PBXGroup;
			children = (
				A6BA0C1E9B68EC1D17C36C58 /* Assets.xcassets */,
				8502027B074A20B9087D0D2F /* Info.plist */,
				892A4A2939EBE5241C407C20 /* KintoreWatchApp.swift */,
				8749FB98F45C94A355B4D07D /* Localizable.xcstrings */,
				AAABD4798D09DB9AEBA51DBA /* WatchBrandColors.swift */,
				3FA5F34C12B57B3647CF16ED /* WatchContentView.swift */,
				3F4A084448E41D599EF11BB9 /* WatchRestTimerView.swift */,
				4EE4E00EA5404186F5D2712E /* WatchSessionManager.swift */,
				AE691F6D8D557B9D240CA9BF /* WatchSessionView.swift */,
			);
			path = KintoreWatch;
			sourceTree = "<group>";
		};
		46FCBC3C1B8405B56F6E67DC /* Seed */ = {
			isa = PBXGroup;
			children = (
				4B76A972C65064E023EC7E2E /* AppBootstrapper.swift */,
				05E5EDEB0C117479C5904B5B /* AppStoreScreenshotDemoData.swift */,
				BEB59FDABA200461B72D804E /* DefaultExercisesSeed.swift */,
				B362F2BF42DF86734AB9F179 /* DefaultMemoTagsSeed.swift */,
				FD8162E3F39AC8F73405ACE1 /* TreadmillCardioExercisesSeed.swift */,
			);
			path = Seed;
			sourceTree = "<group>";
		};
		477CF6CFEB92095014592E99 /* Exercise */ = {
			isa = PBXGroup;
			children = (
				2A1FA10F47493CE56AFE1EEA /* BodyPartExerciseListView.swift */,
				EC8564699493FCF3379609AE /* CreateExerciseView.swift */,
				87B211C596837FC19C846B7C /* ExerciseListView.swift */,
				B4399CD8E4BE3DA32FF3A842 /* ExercisePickerView.swift */,
				F1AF3D6A228CE675AA38FBF5 /* ExercisePickerViewModel.swift */,
			);
			path = Exercise;
			sourceTree = "<group>";
		};
		4C9A1A32CF1272DBCF964B2B /* Models */ = {
			isa = PBXGroup;
			children = (
				FD6DE429CDABD48A4F9410EB /* BodyMeasurement.swift */,
				24A1118B101167EB65D3DE7F /* Exercise.swift */,
				20184CF5F6B80B8C7D1916ED /* ExerciseKind.swift */,
				943BF7BA15CAD301E72781F6 /* MemoTag.swift */,
				68E3FC5F6FF9FC6058F403C5 /* PersonalRecord.swift */,
				7ACF785DC5CE47918FA8F899 /* UserPreference.swift */,
				5874F728C1C294FB5A42888A /* WorkoutExercise.swift */,
				2EBC7F0E12BA1B013218CFED /* WorkoutSession.swift */,
				ABF9590D26E362DF001AE855 /* WorkoutSet.swift */,
				AF38B1FA48D4CBFC8CC98088 /* WorkoutTemplate.swift */,
				C61BFBD0925F14AA075B3AD4 /* WorkoutTemplateItem.swift */,
			);
			path = Models;
			sourceTree = "<group>";
		};
		4D8DE7441D2747B43007F724 /* Resources */ = {
			isa = PBXGroup;
			children = (
				505BF6BD74EDDA375C4F0D07 /* Assets.xcassets */,
				80EE04F485DF8E1D19E6D8BA /* Localizable.xcstrings */,
				4BC8B3370C75F6BAA64421B4 /* test.txt */,
				FCA2CF4AD1BC294D8BDD937E /* InfoPlist.strings */,
			);
			path = Resources;
			sourceTree = "<group>";
		};
		50650121E0C980EA6C8EB5FA /* Services */ = {
			isa = PBXGroup;
			children = (
				7A6C6106CE1B9406820BF8DE /* AdMobConfiguration.swift */,
				B5AB17518993767D622BF58C /* AnalyticsEventService.swift */,
				71A61696D994691BCE264421 /* CalendarReviewService.swift */,
				CEF8B315E435973826FA0783 /* ComparisonService.swift */,
				32481EF3EA6CCC5738903E9C /* ExerciseReviewService.swift */,
				2CBAC0E2607418A9A0235252 /* ExportService.swift */,
				78293975FA65747DC582F05A /* HealthKitWorkoutService.swift */,
				4774369061C60B8775D473E5 /* MemoJournalService.swift */,
				45E722E02BE39787F5C84266 /* PersonalRecordService.swift */,
				46AF7F328EB852A4AB17CB3E /* PremiumService.swift */,
				C7AD0CA3E9BD36A23D1ACBCC /* PreviousRecordService.swift */,
				E3CA366EF7DE3DDA335D670D /* RestTimerManager.swift */,
				93E466BDD619D1337AF847F4 /* RetentionNotificationService.swift */,
				21003921F4B2F99464213178 /* SessionReviewService.swift */,
				0C9C420AF56B2B58EEB8A339 /* ShareCardComposer.swift */,
				404A2ECFA152A3514397F6BC /* WatchSyncManager.swift */,
				DE8C6E4F9D982F376793C25D /* WidgetDataStore.swift */,
				B4F60D2465E6B60C0DBD91A4 /* WorkoutFinishInterstitialPresenter.swift */,
				AA4D15C19460D375007DA693 /* WorkoutStatsService.swift */,
			);
			path = Services;
			sourceTree = "<group>";
		};
		5CA6EC0F41BF14E42C34819D = {
			isa = PBXGroup;
			children = (
				606443EFA9293FD3ADF76C28 /* Kintore */,
				401B38D92D9B96363213DE41 /* KintoreWatch */,
				63A6B91AAA12385A9640EDFC /* KintoreWidget */,
				10462E6049E2B4581ADDF08C /* Products */,
			);
			sourceTree = "<group>";
		};
		606443EFA9293FD3ADF76C28 /* Kintore */ = {
			isa = PBXGroup;
			children = (
				C1CF41914E8549B8C169EB07 /* AppRootView.swift */,
				3CBB9C74F575B1EA3E8D7987 /* ContentView.swift */,
				2A74D4F7BF145186D9D36C08 /* Info.plist */,
				8779B315D45B67DD103BB8AF /* Kintore.entitlements */,
				D0DA06C220EB1271D5C05E08 /* KintoreApp.swift */,
				687ED963A1F3A49A36F6C2B3 /* MainTabView.swift */,
				B8FDE6AF630AF5B42EFA2F48 /* Components */,
				A9C77C9EF9180EA34E3CE2AF /* Core */,
				2FD03CAEE42240AE70C639DF /* Modules */,
				4D8DE7441D2747B43007F724 /* Resources */,
			);
			path = Kintore;
			sourceTree = "<group>";
		};
		63A6B91AAA12385A9640EDFC /* KintoreWidget */ = {
			isa = PBXGroup;
			children = (
				89FD7C27393F4BC532AECC9F /* Info.plist */,
				FD170590D81AD40FA6D73DBF /* KintoreWidget.entitlements */,
				6FF98DCAA13C4C0579CDFAD2 /* Localizable.xcstrings */,
				BFB18BF463CFD9E438F7821C /* RepLogWidget.swift */,
				A041F1500688DE21BD23348B /* RepLogWidgetBundle.swift */,
			);
			path = KintoreWidget;
			sourceTree = "<group>";
		};
		8DBBF9D7D184900CABCD4FA8 /* Settings */ = {
			isa = PBXGroup;
			children = (
				ED0C31609B783471C8B05216 /* BodyMetricsView.swift */,
				DA1470F6528BE90AF7F65DCB /* MemoJournalView.swift */,
				0A16E5DFF615D6067FD14AFB /* PlateCalculatorView.swift */,
				F98DCD1D26C18DE53690504C /* SettingsView.swift */,
			);
			path = Settings;
			sourceTree = "<group>";
		};
		A9C77C9EF9180EA34E3CE2AF /* Core */ = {
			isa = PBXGroup;
			children = (
				DA6BF0E4025FE6AEFECF44D0 /* ModelContainerFactory.swift */,
				4C9A1A32CF1272DBCF964B2B /* Models */,
				DABD762528AB3316B92EB71C /* Repositories */,
				46FCBC3C1B8405B56F6E67DC /* Seed */,
				50650121E0C980EA6C8EB5FA /* Services */,
				DC7E276300C1F69BFA9E3821 /* Utilities */,
			);
			path = Core;
			sourceTree = "<group>";
		};
		B0E55C85132516243925654A /* History */ = {
			isa = PBXGroup;
			children = (
				B7EEA0D6466672EDE69767DD /* CalendarView.swift */,
				620CEDCDECFF00BB7F9A0D7F /* HistoryListView.swift */,
				F8BD82E17C6561C674EA4DBF /* HistoryListViewModel.swift */,
				5087D29DC2CA5FC77E89F037 /* SessionDetailView.swift */,
				1814877BAFE0E8030979FA1E /* SessionDetailViewModel.swift */,
				6637EF975832B8EB6FB7370E /* SessionSharePreviewSheet.swift */,
			);
			path = History;
			sourceTree = "<group>";
		};
		B8FDE6AF630AF5B42EFA2F48 /* Components */ = {
			isa = PBXGroup;
			children = (
				503EC853F81C042A5C68F1B9 /* ChartAnnotationBubble.swift */,
				C9C745675BA75C89C159D4E0 /* EmptyStateView.swift */,
				28B79C246E08213BD0CBEBEC /* HomeNativeAdCard.swift */,
				3FDC88A9B3F737039093C964 /* InlineStatView.swift */,
				0A53FB66449F43421DBC45CE /* MemoNavBarWeightUnitPicker.swift */,
				7CEF2F0492B66BD65F547F7A /* MemoNumericKeyboardPad.swift */,
				B9A45085F13D60530C88E9D5 /* MetricChip.swift */,
				C59651729472D384CE000EC5 /* PreviousRecordPanelView.swift */,
				73F0E3EEFEE8E279642BD7C8 /* PrimaryButton.swift */,
				3EC9BDCC00F2827E83144A7B /* RecentSessionCardView.swift */,
				B3F4DFA7FA3AFAFE81906D7C /* SecondaryActionButton.swift */,
				AC4227D9FDB7E74AE5C17B76 /* SectionCard.swift */,
				1778EBC47AF521C3FA9411C5 /* SectionHeaderView.swift */,
				BF0790705B2CFEC2AB373691 /* SessionReviewContentView.swift */,
				2703CAC0F9B47273D2434C7C /* SetRowView.swift */,
				E888E6561280EB7181DBB997 /* SetTableHeaderRow.swift */,
				B3C47BA6339E744D0919816A /* ShareCardImageRenderer.swift */,
				88500AD3F3B624A8E316A08F /* ShareSheet.swift */,
				3086FC1C83D5156FE6504B7A /* TrainingHeatmapView.swift */,
				9CC63C1EA0C36DCCC2C5C4B2 /* WeeklyGoalEditorSheet.swift */,
				040388CE70957777D41C7AAA /* WeeklyGoalQuickPickView.swift */,
			);
			path = Components;
			sourceTree = "<group>";
		};
		DABD762528AB3316B92EB71C /* Repositories */ = {
			isa = PBXGroup;
			children = (
				EFC5AE9CA6C6E53C4CEE2160 /* BodyMeasurementRepository.swift */,
				9BEC7757C082FFFDAA449BAC /* ExerciseRepository.swift */,
				54620CC519B6E0F0FC8EC1C1 /* MemoTagRepository.swift */,
				0212C578F0725F34070FDE9A /* SettingsRepository.swift */,
				121A59238B58D4753BFD8421 /* TemplateRepository.swift */,
				F167D5DA45031E59E70A4778 /* WorkoutRepository.swift */,
			);
			path = Repositories;
			sourceTree = "<group>";
		};
		DC7E276300C1F69BFA9E3821 /* Utilities */ = {
			isa = PBXGroup;
			children = (
				76A0CC191D8E1B6390E47690 /* AppDeepLinkHandler.swift */,
				E86512A48C83749D4625005B /* AppFormatters.swift */,
				BC402EE6F1F0FA7430F05B2D /* AppTheme.swift */,
				AB45E2F69CB6FF8FA48B9124 /* ExerciseSearch.swift */,
				177F70CAC9CA5CA6EBAE5B13 /* HapticHelper.swift */,
				A22DE1CABB5B30462CC303F4 /* MemoTagIdsHelper.swift */,
				14ECA5CA4D4B883783A36893 /* ModernChartStyle.swift */,
				2A85E690A842B89E9E1AD125 /* UIApplication+TopViewController.swift */,
				842A8398E08D11C300124A28 /* VolumeCalculator.swift */,
				BAB54DCB495BA06FDB8E4346 /* WatchSettingsHelper.swift */,
			);
			path = Utilities;
			sourceTree = "<group>";
		};
		F637E2684167A7FE339F1039 /* Home */ = {
			isa = PBXGroup;
			children = (
				D7E43DEBBDD8F13DF0BA32B8 /* HomeMemoDashboardComponents.swift */,
				CF1C41A7D87C7834580B0B89 /* HomeView.swift */,
				D46507B37EDE43E6727B7CA7 /* HomeViewModel.swift */,
			);
			path = Home;
			sourceTree = "<group>";
		};
		F775C41FC2EB42F40C2ED2C4 /* Workout */ = {
			isa = PBXGroup;
			children = (
				6740825FB5144FDECC2BA125 /* SessionSummaryHeaderView.swift */,
				A3A1E3CEA65A202BBD26AE67 /* WorkoutCompleteSummaryView.swift */,
				66594E55BD6EDEBB7F46F812 /* WorkoutExerciseDraft.swift */,
				13C217405A5D5B1ACB5C4693 /* WorkoutExerciseEditorBlock.swift */,
				3A412284D22708DBDAE59051 /* WorkoutFocusInputView.swift */,
				B53C53AE48A20FD4D65F1AE2 /* WorkoutRecordView.swift */,
				0907ADD9B3F85F2CFF0EEE62 /* WorkoutRecordViewModel.swift */,
				BB671844132888819F3530DD /* WorkoutSessionDraft.swift */,
				054FDC8FDF7FBB0C37A44F2D /* WorkoutSessionFlowView.swift */,
				86BC0533C1CE7EAFA650BD6D /* WorkoutSetDraft.swift */,
				86A869D3551A873D2B35DE86 /* WorkoutStartView.swift */,
				59CB5043B95E7B293A247C94 /* WorkoutStartViewModel.swift */,
			);
			path = Workout;
			sourceTree = "<group>";
		};
/* End PBXGroup section */

/* Begin PBXNativeTarget section */
		343DFFA3288F138B165BA87A /* KintoreWidget */ = {
			isa = PBXNativeTarget;
			buildConfigurationList = 652BB2271CA833EB5977BB65 /* Build configuration list for PBXNativeTarget "KintoreWidget" */;
			buildPhases = (
				01EAD882E3E45A22D8470595 /* Sources */,
				AB01ED4BB99F5F1C157EB985 /* Resources */,
			);
			buildRules = (
			);
			dependencies = (
			);
			name = KintoreWidget;
			packageProductDependencies = (
			);
			productName = KintoreWidget;
			productReference = 71A847069C4DCEAD4F444A04 /* KintoreWidget.appex */;
			productType = "com.apple.product-type.app-extension";
		};
		39E52DC42C44B5135988BC53 /* Kintore */ = {
			isa = PBXNativeTarget;
			buildConfigurationList = 34FD4E1F92F7AE24B277737B /* Build configuration list for PBXNativeTarget "Kintore" */;
			buildPhases = (
				92141A9BAD6A2ADC03D1D8E4 /* Sources */,
				338FCDF20555EA6B92B5F482 /* Resources */,
				EB5580C80401AB612500AAD4 /* Frameworks */,
				CEE32CBB1CF85F51DD3226D1 /* Embed Foundation Extensions */,
				84A6145D0C1C1158E9573B16 /* Embed Watch Content */,
				8AF6B2635BEB8CB534CB64C5 /* Copy SPM framework dSYMs */,
			);
			buildRules = (
			);
			dependencies = (
				4222D4A71C5B8790152125D1 /* PBXTargetDependency */,
				440B97FFFEDA2C925678B572 /* PBXTargetDependency */,
			);
			name = Kintore;
			packageProductDependencies = (
				5C7DCD85C805CF2D001E41C1 /* GoogleMobileAds */,
			);
			productName = Kintore;
			productReference = 22AD048A0E2117DF58061458 /* Kintore.app */;
			productType = "com.apple.product-type.application";
		};
		67C3AD382CF9C074FA0D5167 /* KintoreWatch */ = {
			isa = PBXNativeTarget;
			buildConfigurationList = 00B2FE53442E91186679E7A7 /* Build configuration list for PBXNativeTarget "KintoreWatch" */;
			buildPhases = (
				09B9637E83F920E1C28E0534 /* Sources */,
				EF4B7F3CE410865A6310C03E /* Resources */,
			);
			buildRules = (
			);
			dependencies = (
			);
			name = KintoreWatch;
			packageProductDependencies = (
			);
			productName = KintoreWatch;
			productReference = 12B4AB62E637D0A15F3C064E /* KintoreWatch.app */;
			productType = "com.apple.product-type.application";
		};
/* End PBXNativeTarget section */

/* Begin PBXProject section */
		EF86548BDA3FDE32B4F83A95 /* Project object */ = {
			isa = PBXProject;
			attributes = {
				BuildIndependentTargetsInParallel = YES;
				LastUpgradeCheck = 1630;
				TargetAttributes = {
					343DFFA3288F138B165BA87A = {
						DevelopmentTeam = HD2F9Y835G;
						ProvisioningStyle = Automatic;
					};
					39E52DC42C44B5135988BC53 = {
						DevelopmentTeam = HD2F9Y835G;
						ProvisioningStyle = Automatic;
					};
					67C3AD382CF9C074FA0D5167 = {
						DevelopmentTeam = HD2F9Y835G;
						ProvisioningStyle = Automatic;
					};
				};
			};
			buildConfigurationList = 4BF9348CC2D5B533B0B6FFAC /* Build configuration list for PBXProject "Kintore" */;
			developmentRegion = en;
			hasScannedForEncodings = 0;
			knownRegions = (
				Base,
				en,
				ja,
			);
			mainGroup = 5CA6EC0F41BF14E42C34819D;
			minimizedProjectReferenceProxies = 1;
			packageReferences = (
				023EC5A212258105B57E861B /* XCRemoteSwiftPackageReference "swift-package-manager-google-mobile-ads" */,
			);
			preferredProjectObjectVersion = 77;
			productRefGroup = 10462E6049E2B4581ADDF08C /* Products */;
			projectDirPath = "";
			projectRoot = "";
			targets = (
				39E52DC42C44B5135988BC53 /* Kintore */,
				67C3AD382CF9C074FA0D5167 /* KintoreWatch */,
				343DFFA3288F138B165BA87A /* KintoreWidget */,
			);
		};
/* End PBXProject section */

/* Begin PBXResourcesBuildPhase section */
		338FCDF20555EA6B92B5F482 /* Resources */ = {
			isa = PBXResourcesBuildPhase;
			buildActionMask = 2147483647;
			files = (
				96C4F15A12A2FF8D6B976C44 /* Assets.xcassets in Resources */,
				1972E26BB8AAAD4651425354 /* InfoPlist.strings in Resources */,
				D4AC4FC1096DC62CB84BD4F5 /* Localizable.xcstrings in Resources */,
				96B7B8086BB000BFB6074A8C /* test.txt in Resources */,
			);
			runOnlyForDeploymentPostprocessing = 0;
		};
		AB01ED4BB99F5F1C157EB985 /* Resources */ = {
			isa = PBXResourcesBuildPhase;
			buildActionMask = 2147483647;
			files = (
				E533C9D03163DD03494241B7 /* Localizable.xcstrings in Resources */,
			);
			runOnlyForDeploymentPostprocessing = 0;
		};
		EF4B7F3CE410865A6310C03E /* Resources */ = {
			isa = PBXResourcesBuildPhase;
			buildActionMask = 2147483647;
			files = (
				B3B46597B0F47E01B5853487 /* Assets.xcassets in Resources */,
				1DEC85C4E559CB907AD60CD1 /* Localizable.xcstrings in Resources */,
			);
			runOnlyForDeploymentPostprocessing = 0;
		};
/* End PBXResourcesBuildPhase section */

/* Begin PBXShellScriptBuildPhase section */
		8AF6B2635BEB8CB534CB64C5 /* Copy SPM framework dSYMs */ = {
			isa = PBXShellScriptBuildPhase;
			buildActionMask = 2147483647;
			files = (
			);
			inputFileListPaths = (
			);
			inputPaths = (
			);
			name = "Copy SPM framework dSYMs";
			outputFileListPaths = (
			);
			outputPaths = (
			);
			runOnlyForDeploymentPostprocessing = 0;
			shellPath = /bin/sh;
			shellScript = "#!/bin/bash\n# アーカイブ時に SPM / 埋め込みフレームワークの dSYM をアーカイブの dSYMs フォルダへ集める（Google Mobile Ads 等）。\n# Organizer の「シンボルのアップロード失敗」を減らす目的。ARCHIVE_PATH が無い通常ビルドでは何もしない。\nset -euo pipefail\nif [[ -z \"${ARCHIVE_PATH:-}\" ]]; then\n  exit 0\nfi\nDEST=\"${ARCHIVE_PATH}/dSYMs\"\nmkdir -p \"${DEST}\"\ncopy_dsyms_from() {\n  local root=\"$1\"\n  [[ -d \"${root}\" ]] || return 0\n  while IFS= read -r -d '' dsym; do\n    base=\"$(basename \"${dsym}\")\"\n    cp -R \"${dsym}\" \"${DEST}/${base}\" 2>/dev/null || true\n  done < <(find \"${root}\" -name \"*.dSYM\" -print0 2>/dev/null || true)\n}\n# ビルド成果物一式（フレームワーク同梱の dSYM）\ncopy_dsyms_from \"${BUILT_PRODUCTS_DIR}\"\ncopy_dsyms_from \"${BUILD_DIR}\"\n# アーカイブ内 Products（埋め込み Watch 等）\ncopy_dsyms_from \"${ARCHIVE_PATH}/Products\"\n# SPM（GoogleMobileAds / UserMessagingPlatform のバイナリに付随する場合）\nSPM_ROOT=\"${BUILD_DIR%Build/*}\"\nfor cand in \\\n  \"${SPM_ROOT}SourcePackages/checkouts\" \\\n  \"${SPM_ROOT}SourcePackages/artifacts\" \\\n  \"${SPM_ROOT}SourcePackages/build\"; do\n  copy_dsyms_from \"${cand}\"\ndone\nexit 0\n";
		};
/* End PBXShellScriptBuildPhase section */

/* Begin PBXSourcesBuildPhase section */
		01EAD882E3E45A22D8470595 /* Sources */ = {
			isa = PBXSourcesBuildPhase;
			buildActionMask = 2147483647;
			files = (
				773C34FC9599ED33EC8423D2 /* RepLogWidget.swift in Sources */,
				379EB7F935CEEA6AAC98B442 /* RepLogWidgetBundle.swift in Sources */,
			);
			runOnlyForDeploymentPostprocessing = 0;
		};
		09B9637E83F920E1C28E0534 /* Sources */ = {
			isa = PBXSourcesBuildPhase;
			buildActionMask = 2147483647;
			files = (
				381AE3FAA04CCDA5069E54E9 /* KintoreWatchApp.swift in Sources */,
				394FFFE5D35FD4B6B8A1ACF0 /* WatchBrandColors.swift in Sources */,
				9470241AE776AC3486C22628 /* WatchContentView.swift in Sources */,
				7833A22B97C5C008EC40D6B0 /* WatchRestTimerView.swift in Sources */,
				CA14B2BF1F6573D81EFFE3A2 /* WatchSessionManager.swift in Sources */,
				DBC6802D0754658FF03958EF /* WatchSessionView.swift in Sources */,
			);
			runOnlyForDeploymentPostprocessing = 0;
		};
		92141A9BAD6A2ADC03D1D8E4 /* Sources */ = {
			isa = PBXSourcesBuildPhase;
			buildActionMask = 2147483647;
			files = (
				613DE7257F63FEE1BD6DAF5D /* AdMobConfiguration.swift in Sources */,
				8830E16E32C631DE25ABB8AE /* AnalyticsEventService.swift in Sources */,
				D4F4FBE4F5ECD0233EE3609B /* AppBootstrapper.swift in Sources */,
				C8C74CDE07D8F26A5F695BDD /* AppDeepLinkHandler.swift in Sources */,
				881F1BFA5B1B1CE107A41D91 /* AppFormatters.swift in Sources */,
				1DC28122C960F4F298E59D10 /* AppRootView.swift in Sources */,
				354D3B87FD2DE1EBCDD1AF63 /* AppStoreScreenshotDemoData.swift in Sources */,
				CE80BFE171DD15F8A68C688D /* AppTheme.swift in Sources */,
				C28BB6C2B2B8CB0E2A562129 /* BodyMeasurement.swift in Sources */,
				4402E5C7E22C0BB8D8B0F916 /* BodyMeasurementRepository.swift in Sources */,
				AD5FC9958E46D9EBF14ABB97 /* BodyMetricsView.swift in Sources */,
				A4CBF7FC5DED6270197F2482 /* BodyPartExerciseListView.swift in Sources */,
				34FB1759A9BF67809854BE2C /* BodyPartGrowthViewModel.swift in Sources */,
				462A918BC6FFBB99D6AD35F7 /* CalendarReviewService.swift in Sources */,
				92F867570955D2EA5892C6A8 /* CalendarView.swift in Sources */,
				3B05AF2AAE0C99EC985BF77C /* ChartAnnotationBubble.swift in Sources */,
				B2837C8386E70950BF4F2067 /* ComparisonService.swift in Sources */,
				7DF9690CAD31D92DB35B6C5B /* ContentView.swift in Sources */,
				965975D63A47632BD5AC4040 /* CreateExerciseView.swift in Sources */,
				38ED7F8C4FCFD0D030247BF9 /* DefaultExercisesSeed.swift in Sources */,
				46049639638D82D9B61F28E1 /* DefaultMemoTagsSeed.swift in Sources */,
				B8F79533C952D9148916CF96 /* EmptyStateView.swift in Sources */,
				ED6470534E6F1759BE7CB134 /* Exercise.swift in Sources */,
				0DC7053ACB20CFFE00F747FC /* ExerciseDetailView.swift in Sources */,
				20304A5C4D181A967AFA73AF /* ExerciseDetailViewModel.swift in Sources */,
				FD974F69819480660EDC4FB7 /* ExerciseKind.swift in Sources */,
				1307103C1DF259DDB88724E0 /* ExerciseListView.swift in Sources */,
				9E9A7280332937FE68230431 /* ExercisePickerView.swift in Sources */,
				F58810FD4631F6CEF9E7AE7C /* ExercisePickerViewModel.swift in Sources */,
				7ABB04E1806648887A21BFC4 /* ExerciseRepository.swift in Sources */,
				DA3C75458A27F7EEDDEC2A0D /* ExerciseReviewService.swift in Sources */,
				92BBE13C0FFF7D203EC77F4D /* ExerciseSearch.swift in Sources */,
				5DEFE3EB393279B9F948E60D /* ExerciseTrendPeriod.swift in Sources */,
				0A770D150F16DC17140A1709 /* ExportService.swift in Sources */,
				6A870BD6C7BC6C1DC2929C16 /* GrowthDashboardView.swift in Sources */,
				FE3590861B89C32A278F5FB9 /* GrowthExerciseTab.swift in Sources */,
				E8FD358D09E533028C925A66 /* GrowthOverviewTab.swift in Sources */,
				C5761344DF49C3BA3D59B468 /* GrowthRecordsTab.swift in Sources */,
				8D9F1F0019885EFF6521D3C5 /* GrowthSharePreviewSheet.swift in Sources */,
				A1648D5890A366FA61B4B66A /* HapticHelper.swift in Sources */,
				A5EEFB6508C5462AC1B2B695 /* HealthKitWorkoutService.swift in Sources */,
				92026E1C064A3F60A8CEF4F8 /* HistoryListView.swift in Sources */,
				1B06EFC9267B26069679C0E8 /* HistoryListViewModel.swift in Sources */,
				4182ACCB465D1194D42AAA83 /* HomeMemoDashboardComponents.swift in Sources */,
				B750C3FB1949AD945E709EDE /* HomeNativeAdCard.swift in Sources */,
				A500E09D89FD74BDB183646E /* HomeView.swift in Sources */,
				A3D49B2FEA5B814B0D66BEC9 /* HomeViewModel.swift in Sources */,
				D159328A7DFB92E795B8B9A9 /* InlineStatView.swift in Sources */,
				13CE6560A7DCD35EFC9B3AEE /* KintoreApp.swift in Sources */,
				C18428594B5F6E7C35EA589E /* MainTabView.swift in Sources */,
				C4BE4E429C509A14B89AAFC9 /* MemoJournalService.swift in Sources */,
				E21E1B811DC1181811158C03 /* MemoJournalView.swift in Sources */,
				CBF6A20D27873706550802AE /* MemoNavBarWeightUnitPicker.swift in Sources */,
				1B468EABD73204B218BC454E /* MemoNumericKeyboardPad.swift in Sources */,
				5D9FBE194A24136BF910CF9F /* MemoTag.swift in Sources */,
				130B3EFA564D42E0E33A9E36 /* MemoTagIdsHelper.swift in Sources */,
				AA3C82628D324C96CA5BC0DC /* MemoTagRepository.swift in Sources */,
				CD9FFA46BDDC36C8B994C7BA /* MetricChip.swift in Sources */,
				43ABDDD10C9DD6A9A8954DE8 /* ModelContainerFactory.swift in Sources */,
				1959FCC8B24E43F5E83A3C2C /* ModernChartStyle.swift in Sources */,
				F4056E9A7B336E6589AC2BDD /* OnboardingView.swift in Sources */,
				EFDC987174519855D5817736 /* PersonalRecord.swift in Sources */,
				91890C386B3BB9BEF08239A8 /* PersonalRecordService.swift in Sources */,
				9387C1A2AB183C2CF99A3634 /* PlateCalculatorView.swift in Sources */,
				682E26578A1831BC683B2C32 /* PremiumService.swift in Sources */,
				F31DBB9CE2F914B1EF597D44 /* PreviousRecordPanelView.swift in Sources */,
				19970BC733AE8CC53685B049 /* PreviousRecordService.swift in Sources */,
				546DC4D91C2A9EA264E89833 /* PrimaryButton.swift in Sources */,
				045984892C60332D4EAE942F /* RecentSessionCardView.swift in Sources */,
				F2E7BDE91C435821745EB141 /* RestTimerManager.swift in Sources */,
				3C0D2C413C7C2028F0BD60DC /* RetentionNotificationService.swift in Sources */,
				963FFC885DE3E514248179F4 /* RoutineEditView.swift in Sources */,
				4E305966709D08A6492B59C9 /* RoutineListView.swift in Sources */,
				2AA6419BA1F42DBAC847B9AE /* SecondaryActionButton.swift in Sources */,
				02B3FED6BF055B06ECB9AF4F /* SectionCard.swift in Sources */,
				523E7DD107001D4DBE25E2A4 /* SectionHeaderView.swift in Sources */,
				0F99FE24BFC9E764AE52EC93 /* SessionDetailView.swift in Sources */,
				8364B7EA2451012325287677 /* SessionDetailViewModel.swift in Sources */,
				78858A9D41F666FC0CC03DC0 /* SessionReviewContentView.swift in Sources */,
				EE6B5604ED3B3C7E0E171FD6 /* SessionReviewService.swift in Sources */,
				B7EAA5A551B09733811EF813 /* SessionSharePreviewSheet.swift in Sources */,
				4A48EDED26ECDEC3FC87B5F8 /* SessionSummaryHeaderView.swift in Sources */,
				A651BAE67E5A6C48E314EF59 /* SetRowView.swift in Sources */,
				BB673863FE55F273B8C1D417 /* SetTableHeaderRow.swift in Sources */,
				759EA1D594A0E00D4EAD9CC3 /* SettingsRepository.swift in Sources */,
				097E34830D133363D5F6C75F /* SettingsView.swift in Sources */,
				1EE3063166E4189B1C3ED510 /* ShareCardComposer.swift in Sources */,
				68B6EC0F3F61A4A33518F57D /* ShareCardImageRenderer.swift in Sources */,
				57A06FFC42872329FBDDFF39 /* ShareSheet.swift in Sources */,
				0B2C07D83D36FE2E4B1AD587 /* StatisticsView.swift in Sources */,
				7B5800B3E4C91F41DA058ED8 /* StatisticsViewModel.swift in Sources */,
				5BAA1462AEFAF3FE447D8F0B /* TemplateRepository.swift in Sources */,
				AFED43F4B9D68CC44C159A49 /* TrainingHeatmapView.swift in Sources */,
				4739E533BE25312829536C1F /* TreadmillCardioExercisesSeed.swift in Sources */,
				0F730B4E4A313CAB6D516FC3 /* UIApplication+TopViewController.swift in Sources */,
				4A1CBE9D71E229780C91FA5F /* UserPreference.swift in Sources */,
				4243445D89DD28880FFC9092 /* VolumeCalculator.swift in Sources */,
				9CCF5B33AC7EFA5EB4D018F6 /* WatchSettingsHelper.swift in Sources */,
				B4736FED5C3D98BF7CFD7670 /* WatchSyncManager.swift in Sources */,
				175C3EF57B907F67F6B849E1 /* WeeklyGoalEditorSheet.swift in Sources */,
				BB1A0B20BEFD52CB68E9E0AF /* WeeklyGoalQuickPickView.swift in Sources */,
				FA71CE2A07F74620A8359C0D /* WidgetDataStore.swift in Sources */,
				125453CEAD1011C885D3FE52 /* WorkoutCompleteSummaryView.swift in Sources */,
				309BE58365A3DEDA4DD09025 /* WorkoutExercise.swift in Sources */,
				8E6C651340082B93144F76B8 /* WorkoutExerciseDraft.swift in Sources */,
				217EF435AB5592E508B22E83 /* WorkoutExerciseEditorBlock.swift in Sources */,
				2999AAD0978D3D1C2A59CBA0 /* WorkoutFinishInterstitialPresenter.swift in Sources */,
				CB33466748D750911F1D639F /* WorkoutFocusInputView.swift in Sources */,
				808231E8ACA34BC418E1E2A3 /* WorkoutRecordView.swift in Sources */,
				5BA53EB08D7BE1867B4AC81D /* WorkoutRecordViewModel.swift in Sources */,
				93ADA68DC9D4FD7D4781FA37 /* WorkoutRepository.swift in Sources */,
				7D5801E07A4524BA93B21430 /* WorkoutSession.swift in Sources */,
				CABAABDC32715392F64BFCDC /* WorkoutSessionDraft.swift in Sources */,
				CD2AE0528A3325F300BFD1BD /* WorkoutSessionFlowView.swift in Sources */,
				E4AAC5BEC6FFCD3305018605 /* WorkoutSet.swift in Sources */,
				D961312136D33BC925C72030 /* WorkoutSetDraft.swift in Sources */,
				A6B4F0F01C1D658270A9270C /* WorkoutStartView.swift in Sources */,
				6CA905B97984865939E8CDCC /* WorkoutStartViewModel.swift in Sources */,
				99A11D11A261EB08D26DBB74 /* WorkoutStatsService.swift in Sources */,
				1C9D64D0E338C2C49D855712 /* WorkoutTemplate.swift in Sources */,
				804BB706A3B72CFEF89F94CC /* WorkoutTemplateItem.swift in Sources */,
			);
			runOnlyForDeploymentPostprocessing = 0;
		};
/* End PBXSourcesBuildPhase section */

/* Begin PBXTargetDependency section */
		4222D4A71C5B8790152125D1 /* PBXTargetDependency */ = {
			isa = PBXTargetDependency;
			target = 67C3AD382CF9C074FA0D5167 /* KintoreWatch */;
			targetProxy = 525B84FE22BF04A8C0503083 /* PBXContainerItemProxy */;
		};
		440B97FFFEDA2C925678B572 /* PBXTargetDependency */ = {
			isa = PBXTargetDependency;
			target = 343DFFA3288F138B165BA87A /* KintoreWidget */;
			targetProxy = EB0934C8180A6D4326DCB2A9 /* PBXContainerItemProxy */;
		};
/* End PBXTargetDependency section */

/* Begin PBXVariantGroup section */
		FCA2CF4AD1BC294D8BDD937E /* InfoPlist.strings */ = {
			isa = PBXVariantGroup;
			children = (
				0A7D88A695048B911E8ABC21 /* en */,
				F0872D76E48FDFF6EB3C3A3F /* ja */,
			);
			name = InfoPlist.strings;
			sourceTree = "<group>";
		};
/* End PBXVariantGroup section */

/* Begin XCBuildConfiguration section */
		0E2F782562EC83440B9ED9BC /* Debug */ = {
			isa = XCBuildConfiguration;
			buildSettings = {
				ASSETCATALOG_COMPILER_APPICON_NAME = AppIcon;
				ASSETCATALOG_COMPILER_INCLUDE_ALL_APPICON_ASSETS = YES;
				GENERATE_INFOPLIST_FILE = YES;
				INFOPLIST_FILE = KintoreWatch/Info.plist;
				INFOPLIST_GENERATION_MODE = GeneratedByXcode;
				INFOPLIST_KEY_CFBundleDisplayName = "Kintore Note";
				INFOPLIST_KEY_WKCompanionAppBundleIdentifier = com.shunsukesaito.kintore;
				PRODUCT_BUNDLE_IDENTIFIER = com.shunsukesaito.kintore.watchkitapp;
				PRODUCT_NAME = KintoreWatch;
				SDKROOT = watchos;
				SKIP_INSTALL = YES;
				TARGETED_DEVICE_FAMILY = 4;
				WATCHOS_DEPLOYMENT_TARGET = 10.0;
			};
			name = Debug;
		};
		2499E5C6EE90684D3A4DA95D /* Release */ = {
			isa = XCBuildConfiguration;
			buildSettings = {
				ASSETCATALOG_COMPILER_APPICON_NAME = AppIcon;
				ASSETCATALOG_COMPILER_INCLUDE_ALL_APPICON_ASSETS = YES;
				GENERATE_INFOPLIST_FILE = YES;
				INFOPLIST_FILE = KintoreWatch/Info.plist;
				INFOPLIST_GENERATION_MODE = GeneratedByXcode;
				INFOPLIST_KEY_CFBundleDisplayName = "Kintore Note";
				INFOPLIST_KEY_WKCompanionAppBundleIdentifier = com.shunsukesaito.kintore;
				PRODUCT_BUNDLE_IDENTIFIER = com.shunsukesaito.kintore.watchkitapp;
				PRODUCT_NAME = KintoreWatch;
				SDKROOT = watchos;
				SKIP_INSTALL = YES;
				TARGETED_DEVICE_FAMILY = 4;
				WATCHOS_DEPLOYMENT_TARGET = 10.0;
			};
			name = Release;
		};
		2BE304E43B67EBE86870B5A5 /* Debug */ = {
			isa = XCBuildConfiguration;
			buildSettings = {
				CODE_SIGN_ENTITLEMENTS = KintoreWidget/KintoreWidget.entitlements;
				INFOPLIST_FILE = KintoreWidget/Info.plist;
				IPHONEOS_DEPLOYMENT_TARGET = 17.0;
				LD_RUNPATH_SEARCH_PATHS = (
					"$(inherited)",
					"@executable_path/Frameworks",
					"@executable_path/../../Frameworks",
				);
				PRODUCT_BUNDLE_IDENTIFIER = com.shunsukesaito.kintore.widget;
				PRODUCT_NAME = KintoreWidget;
				SDKROOT = iphoneos;
				TARGETED_DEVICE_FAMILY = "1,2";
			};
			name = Debug;
		};
		4A8D110C3BBF96C22063E22A /* Debug */ = {
			isa = XCBuildConfiguration;
			buildSettings = {
				ASSETCATALOG_COMPILER_APPICON_NAME = AppIcon;
				ASSETCATALOG_COMPILER_GLOBAL_ACCENT_COLOR_NAME = AccentColor;
				CODE_SIGN_ENTITLEMENTS = Kintore/Kintore.entitlements;
				CODE_SIGN_IDENTITY = "iPhone Developer";
				GENERATE_INFOPLIST_FILE = YES;
				INFOPLIST_FILE = Kintore/Info.plist;
				INFOPLIST_GENERATION_MODE = GeneratedByXcode;
				INFOPLIST_KEY_CFBundleDisplayName = "Kintore Note";
				INFOPLIST_KEY_GADApplicationIdentifier = "ca-app-pub-3293510133025826~2839942057";
				INFOPLIST_KEY_NSHealthShareUsageDescription = "Reads workout-related data from Apple Health only when you enable features that require it in Settings.";
				INFOPLIST_KEY_NSHealthUpdateUsageDescription = "Saves completed workouts to Apple Health when you enable the option in Settings.";
				INFOPLIST_KEY_UIApplicationSceneManifest_Generation = YES;
				INFOPLIST_KEY_UIApplicationSupportsIndirectInputEvents = YES;
				INFOPLIST_KEY_UILaunchScreen_Generation = YES;
				INFOPLIST_KEY_UISupportedInterfaceOrientations_iPad = "UIInterfaceOrientationPortrait UIInterfaceOrientationPortraitUpsideDown UIInterfaceOrientationLandscapeLeft UIInterfaceOrientationLandscapeRight";
				INFOPLIST_KEY_UISupportedInterfaceOrientations_iPhone = UIInterfaceOrientationPortrait;
				LD_RUNPATH_SEARCH_PATHS = (
					"$(inherited)",
					"@executable_path/Frameworks",
				);
				PRODUCT_BUNDLE_IDENTIFIER = com.shunsukesaito.kintore;
				PRODUCT_NAME = Kintore;
				SDKROOT = iphoneos;
				TARGETED_DEVICE_FAMILY = "1,2";
			};
			name = Debug;
		};
		627480C935F8EC385EBFFE60 /* Release */ = {
			isa = XCBuildConfiguration;
			buildSettings = {
				ALWAYS_SEARCH_USER_PATHS = NO;
				CLANG_ANALYZER_NONNULL = YES;
				CLANG_ANALYZER_NUMBER_OBJECT_CONVERSION = YES_AGGRESSIVE;
				CLANG_CXX_LANGUAGE_STANDARD = "gnu++14";
				CLANG_CXX_LIBRARY = "libc++";
				CLANG_ENABLE_MODULES = YES;
				CLANG_ENABLE_OBJC_ARC = YES;
				CLANG_ENABLE_OBJC_WEAK = YES;
				CLANG_WARN_BLOCK_CAPTURE_AUTORELEASING = YES;
				CLANG_WARN_BOOL_CONVERSION = YES;
				CLANG_WARN_COMMA = YES;
				CLANG_WARN_CONSTANT_CONVERSION = YES;
				CLANG_WARN_DEPRECATED_OBJC_IMPLEMENTATIONS = YES;
				CLANG_WARN_DIRECT_OBJC_ISA_USAGE = YES_ERROR;
				CLANG_WARN_DOCUMENTATION_COMMENTS = YES;
				CLANG_WARN_EMPTY_BODY = YES;
				CLANG_WARN_ENUM_CONVERSION = YES;
				CLANG_WARN_INFINITE_RECURSION = YES;
				CLANG_WARN_INT_CONVERSION = YES;
				CLANG_WARN_NON_LITERAL_NULL_CONVERSION = YES;
				CLANG_WARN_OBJC_IMPLICIT_RETAIN_SELF = YES;
				CLANG_WARN_OBJC_LITERAL_CONVERSION = YES;
				CLANG_WARN_OBJC_ROOT_CLASS = YES_ERROR;
				CLANG_WARN_QUOTED_INCLUDE_IN_FRAMEWORK_HEADER = YES;
				CLANG_WARN_RANGE_LOOP_ANALYSIS = YES;
				CLANG_WARN_STRICT_PROTOTYPES = YES;
				CLANG_WARN_SUSPICIOUS_MOVE = YES;
				CLANG_WARN_UNGUARDED_AVAILABILITY = YES_AGGRESSIVE;
				CLANG_WARN_UNREACHABLE_CODE = YES;
				CLANG_WARN__DUPLICATE_METHOD_MATCH = YES;
				CODE_SIGN_STYLE = Automatic;
				COPY_PHASE_STRIP = NO;
				CURRENT_PROJECT_VERSION = 1;
				DEBUG_INFORMATION_FORMAT = "dwarf-with-dsym";
				DEVELOPMENT_TEAM = HD2F9Y835G;
				ENABLE_NS_ASSERTIONS = NO;
				ENABLE_STRICT_OBJC_MSGSEND = YES;
				GCC_C_LANGUAGE_STANDARD = gnu11;
				GCC_NO_COMMON_BLOCKS = YES;
				GCC_WARN_64_TO_32_BIT_CONVERSION = YES;
				GCC_WARN_ABOUT_RETURN_TYPE = YES_ERROR;
				GCC_WARN_UNDECLARED_SELECTOR = YES;
				GCC_WARN_UNINITIALIZED_AUTOS = YES_AGGRESSIVE;
				GCC_WARN_UNUSED_FUNCTION = YES;
				GCC_WARN_UNUSED_VARIABLE = YES;
				IPHONEOS_DEPLOYMENT_TARGET = 17.0;
				MARKETING_VERSION = 1.0.0;
				MTL_ENABLE_DEBUG_INFO = NO;
				MTL_FAST_MATH = YES;
				PRODUCT_NAME = "$(TARGET_NAME)";
				SWIFT_COMPILATION_MODE = wholemodule;
				SWIFT_OPTIMIZATION_LEVEL = "-O";
				SWIFT_STRICT_CONCURRENCY = minimal;
				SWIFT_VERSION = 6.0;
				TARGETED_DEVICE_FAMILY = 1;
			};
			name = Release;
		};
		AADD024960CA5AE9CE4D5E0E /* Debug */ = {
			isa = XCBuildConfiguration;
			buildSettings = {
				ALWAYS_SEARCH_USER_PATHS = NO;
				CLANG_ANALYZER_NONNULL = YES;
				CLANG_ANALYZER_NUMBER_OBJECT_CONVERSION = YES_AGGRESSIVE;
				CLANG_CXX_LANGUAGE_STANDARD = "gnu++14";
				CLANG_CXX_LIBRARY = "libc++";
				CLANG_ENABLE_MODULES = YES;
				CLANG_ENABLE_OBJC_ARC = YES;
				CLANG_ENABLE_OBJC_WEAK = YES;
				CLANG_WARN_BLOCK_CAPTURE_AUTORELEASING = YES;
				CLANG_WARN_BOOL_CONVERSION = YES;
				CLANG_WARN_COMMA = YES;
				CLANG_WARN_CONSTANT_CONVERSION = YES;
				CLANG_WARN_DEPRECATED_OBJC_IMPLEMENTATIONS = YES;
				CLANG_WARN_DIRECT_OBJC_ISA_USAGE = YES_ERROR;
				CLANG_WARN_DOCUMENTATION_COMMENTS = YES;
				CLANG_WARN_EMPTY_BODY = YES;
				CLANG_WARN_ENUM_CONVERSION = YES;
				CLANG_WARN_INFINITE_RECURSION = YES;
				CLANG_WARN_INT_CONVERSION = YES;
				CLANG_WARN_NON_LITERAL_NULL_CONVERSION = YES;
				CLANG_WARN_OBJC_IMPLICIT_RETAIN_SELF = YES;
				CLANG_WARN_OBJC_LITERAL_CONVERSION = YES;
				CLANG_WARN_OBJC_ROOT_CLASS = YES_ERROR;
				CLANG_WARN_QUOTED_INCLUDE_IN_FRAMEWORK_HEADER = YES;
				CLANG_WARN_RANGE_LOOP_ANALYSIS = YES;
				CLANG_WARN_STRICT_PROTOTYPES = YES;
				CLANG_WARN_SUSPICIOUS_MOVE = YES;
				CLANG_WARN_UNGUARDED_AVAILABILITY = YES_AGGRESSIVE;
				CLANG_WARN_UNREACHABLE_CODE = YES;
				CLANG_WARN__DUPLICATE_METHOD_MATCH = YES;
				CODE_SIGN_STYLE = Automatic;
				COPY_PHASE_STRIP = NO;
				CURRENT_PROJECT_VERSION = 1;
				DEBUG_INFORMATION_FORMAT = dwarf;
				DEVELOPMENT_TEAM = HD2F9Y835G;
				ENABLE_STRICT_OBJC_MSGSEND = YES;
				ENABLE_TESTABILITY = YES;
				GCC_C_LANGUAGE_STANDARD = gnu11;
				GCC_DYNAMIC_NO_PIC = NO;
				GCC_NO_COMMON_BLOCKS = YES;
				GCC_OPTIMIZATION_LEVEL = 0;
				GCC_PREPROCESSOR_DEFINITIONS = (
					"$(inherited)",
					"DEBUG=1",
				);
				GCC_WARN_64_TO_32_BIT_CONVERSION = YES;
				GCC_WARN_ABOUT_RETURN_TYPE = YES_ERROR;
				GCC_WARN_UNDECLARED_SELECTOR = YES;
				GCC_WARN_UNINITIALIZED_AUTOS = YES_AGGRESSIVE;
				GCC_WARN_UNUSED_FUNCTION = YES;
				GCC_WARN_UNUSED_VARIABLE = YES;
				IPHONEOS_DEPLOYMENT_TARGET = 17.0;
				MARKETING_VERSION = 1.0.0;
				MTL_ENABLE_DEBUG_INFO = INCLUDE_SOURCE;
				MTL_FAST_MATH = YES;
				ONLY_ACTIVE_ARCH = YES;
				PRODUCT_NAME = "$(TARGET_NAME)";
				SWIFT_ACTIVE_COMPILATION_CONDITIONS = DEBUG;
				SWIFT_OPTIMIZATION_LEVEL = "-Onone";
				SWIFT_STRICT_CONCURRENCY = minimal;
				SWIFT_VERSION = 6.0;
				TARGETED_DEVICE_FAMILY = 1;
			};
			name = Debug;
		};
		CD83075A2C396606240CC034 /* Release */ = {
			isa = XCBuildConfiguration;
			buildSettings = {
				CODE_SIGN_ENTITLEMENTS = KintoreWidget/KintoreWidget.entitlements;
				INFOPLIST_FILE = KintoreWidget/Info.plist;
				IPHONEOS_DEPLOYMENT_TARGET = 17.0;
				LD_RUNPATH_SEARCH_PATHS = (
					"$(inherited)",
					"@executable_path/Frameworks",
					"@executable_path/../../Frameworks",
				);
				PRODUCT_BUNDLE_IDENTIFIER = com.shunsukesaito.kintore.widget;
				PRODUCT_NAME = KintoreWidget;
				SDKROOT = iphoneos;
				TARGETED_DEVICE_FAMILY = "1,2";
			};
			name = Release;
		};
		EF101DB9036ADBC1C6B11349 /* Release */ = {
			isa = XCBuildConfiguration;
			buildSettings = {
				ASSETCATALOG_COMPILER_APPICON_NAME = AppIcon;
				ASSETCATALOG_COMPILER_GLOBAL_ACCENT_COLOR_NAME = AccentColor;
				CODE_SIGN_ENTITLEMENTS = Kintore/Kintore.entitlements;
				CODE_SIGN_IDENTITY = "iPhone Developer";
				GENERATE_INFOPLIST_FILE = YES;
				INFOPLIST_FILE = Kintore/Info.plist;
				INFOPLIST_GENERATION_MODE = GeneratedByXcode;
				INFOPLIST_KEY_CFBundleDisplayName = "Kintore Note";
				INFOPLIST_KEY_GADApplicationIdentifier = "ca-app-pub-3293510133025826~2839942057";
				INFOPLIST_KEY_NSHealthShareUsageDescription = "Reads workout-related data from Apple Health only when you enable features that require it in Settings.";
				INFOPLIST_KEY_NSHealthUpdateUsageDescription = "Saves completed workouts to Apple Health when you enable the option in Settings.";
				INFOPLIST_KEY_UIApplicationSceneManifest_Generation = YES;
				INFOPLIST_KEY_UIApplicationSupportsIndirectInputEvents = YES;
				INFOPLIST_KEY_UILaunchScreen_Generation = YES;
				INFOPLIST_KEY_UISupportedInterfaceOrientations_iPad = "UIInterfaceOrientationPortrait UIInterfaceOrientationPortraitUpsideDown UIInterfaceOrientationLandscapeLeft UIInterfaceOrientationLandscapeRight";
				INFOPLIST_KEY_UISupportedInterfaceOrientations_iPhone = UIInterfaceOrientationPortrait;
				LD_RUNPATH_SEARCH_PATHS = (
					"$(inherited)",
					"@executable_path/Frameworks",
				);
				PRODUCT_BUNDLE_IDENTIFIER = com.shunsukesaito.kintore;
				PRODUCT_NAME = Kintore;
				SDKROOT = iphoneos;
				TARGETED_DEVICE_FAMILY = "1,2";
			};
			name = Release;
		};
/* End XCBuildConfiguration section */

/* Begin XCConfigurationList section */
		00B2FE53442E91186679E7A7 /* Build configuration list for PBXNativeTarget "KintoreWatch" */ = {
			isa = XCConfigurationList;
			buildConfigurations = (
				0E2F782562EC83440B9ED9BC /* Debug */,
				2499E5C6EE90684D3A4DA95D /* Release */,
			);
			defaultConfigurationIsVisible = 0;
			defaultConfigurationName = Debug;
		};
		34FD4E1F92F7AE24B277737B /* Build configuration list for PBXNativeTarget "Kintore" */ = {
			isa = XCConfigurationList;
			buildConfigurations = (
				4A8D110C3BBF96C22063E22A /* Debug */,
				EF101DB9036ADBC1C6B11349 /* Release */,
			);
			defaultConfigurationIsVisible = 0;
			defaultConfigurationName = Debug;
		};
		4BF9348CC2D5B533B0B6FFAC /* Build configuration list for PBXProject "Kintore" */ = {
			isa = XCConfigurationList;
			buildConfigurations = (
				AADD024960CA5AE9CE4D5E0E /* Debug */,
				627480C935F8EC385EBFFE60 /* Release */,
			);
			defaultConfigurationIsVisible = 0;
			defaultConfigurationName = Debug;
		};
		652BB2271CA833EB5977BB65 /* Build configuration list for PBXNativeTarget "KintoreWidget" */ = {
			isa = XCConfigurationList;
			buildConfigurations = (
				2BE304E43B67EBE86870B5A5 /* Debug */,
				CD83075A2C396606240CC034 /* Release */,
			);
			defaultConfigurationIsVisible = 0;
			defaultConfigurationName = Debug;
		};
/* End XCConfigurationList section */

/* Begin XCRemoteSwiftPackageReference section */
		023EC5A212258105B57E861B /* XCRemoteSwiftPackageReference "swift-package-manager-google-mobile-ads" */ = {
			isa = XCRemoteSwiftPackageReference;
			repositoryURL = "https://github.com/googleads/swift-package-manager-google-mobile-ads";
			requirement = {
				kind = upToNextMajorVersion;
				minimumVersion = 13.0.0;
			};
		};
/* End XCRemoteSwiftPackageReference section */

/* Begin XCSwiftPackageProductDependency section */
		5C7DCD85C805CF2D001E41C1 /* GoogleMobileAds */ = {
			isa = XCSwiftPackageProductDependency;
			package = 023EC5A212258105B57E861B /* XCRemoteSwiftPackageReference "swift-package-manager-google-mobile-ads" */;
			productName = GoogleMobileAds;
		};
/* End XCSwiftPackageProductDependency section */
	};
	rootObject = EF86548BDA3FDE32B4F83A95 /* Project object */;
}
